
Microsoft Visual Studio Solution File, Format Version 12.00
# Visual Studio Version 17
VisualStudioVersion = 17.7.34024.191
MinimumVisualStudioVersion = 10.0.40219.1
Project("{9A19103F-16F7-4668-BE54-9A1E7A4F7556}") = "DAL", "DAL\DAL.csproj", "{AEA2E53B-FA60-40EB-BEC2-E48990D09BA0}"
EndProject
Project("{9A19103F-16F7-4668-BE54-9A1E7A4F7556}") = "Resources", "Resources\Resources.csproj", "{0E8CE927-1859-41A0-971A-DE6425AC6852}"
EndProject
Project("{9A19103F-16F7-4668-BE54-9A1E7A4F7556}") = "Installer", "Installer\Installer.csproj", "{A2E7DAAE-8DF9-42AE-A433-8810248A0E26}"
EndProject
Project("{9A19103F-16F7-4668-BE54-9A1E7A4F7556}") = "Launcher", "Launcher\Launcher.csproj", "{6F4F5769-673C-436C-9F84-0CAFAF21AA30}"
EndProject
Project("{9A19103F-16F7-4668-BE54-9A1E7A4F7556}") = "ViewModel", "ViewModel\ViewModel.csproj", "{75074E3A-94AF-42CA-B90A-B1F194D7D812}"
EndProject
Project("{9A19103F-16F7-4668-BE54-9A1E7A4F7556}") = "Contracts", "Contracts\Contracts.csproj", "{A4DAD214-A08F-4A0E-8E26-F7FBCDA801FE}"
EndProject
Project("{9A19103F-16F7-4668-BE54-9A1E7A4F7556}") = "View", "View\View.csproj", "{1C3ECD88-7B1A-4513-B3E9-3474588BEC8D}"
EndProject
Project("{9A19103F-16F7-4668-BE54-9A1E7A4F7556}") = "Core", "Core\Core.csproj", "{A10C7E6D-D616-4B99-8BB2-A43035346099}"
EndProject
Project("{9A19103F-16F7-4668-BE54-9A1E7A4F7556}") = "Test", "Test\Test.csproj", "{3BA8BF52-7125-401E-BE18-16650135AA4A}"
EndProject
Project("{9A19103F-16F7-4668-BE54-9A1E7A4F7556}") = "Windows.Common", "Windows.Common\Windows.Common.csproj", "{24958824-6559-4EDE-9954-42E5A22B2144}"
EndProject
Project("{2150E333-8FDC-42A3-9474-1A3956D46DE8}") = "Solution Items", "Solution Items", "{4CF6513F-5BD0-4A96-A5A4-4A839826E4DF}"
	ProjectSection(SolutionItems) = preProject
		.gitignore = .gitignore
		Assembly.cs = Assembly.cs
		CodeAnalysis.ruleset = CodeAnalysis.ruleset
		CodeAnalysis.Test.ruleset = CodeAnalysis.Test.ruleset
		Directory.Build.props = Directory.Build.props
		sln.DotSettings = sln.DotSettings
		stylecop.json = stylecop.json
	EndProjectSection
EndProject
Project("{9A19103F-16F7-4668-BE54-9A1E7A4F7556}") = "WebApi", "WebApi\WebApi.csproj", "{84467837-62C2-4E54-9375-0433FB073582}"
EndProject
Project("{9A19103F-16F7-4668-BE54-9A1E7A4F7556}") = "Contracts.DAL", "Contracts.DAL\Contracts.DAL.csproj", "{5DDC9A85-751F-426D-BA05-8E225D7EC30A}"
EndProject
Project("{9A19103F-16F7-4668-BE54-9A1E7A4F7556}") = "WindowCreators", "WindowCreators\WindowCreators.csproj", "{1915B867-5566-4E09-BB1E-298A66B0C8E2}"
EndProject
Project("{2150E333-8FDC-42A3-9474-1A3956D46DE8}") = "Scar.Common", "Scar.Common", "{4C4D26EE-8999-4432-B1FA-93D4D1E4EAE7}"
EndProject
Project("{2150E333-8FDC-42A3-9474-1A3956D46DE8}") = "WPF", "WPF", "{835FF4A5-8DD6-414B-AA5F-F66BD8554019}"
EndProject
Project("{2150E333-8FDC-42A3-9474-1A3956D46DE8}") = "DAL", "DAL", "{202315D3-716A-4CE9-A77E-1C4D4ED090B1}"
EndProject
Project("{2150E333-8FDC-42A3-9474-1A3956D46DE8}") = "ApplicationLifetime", "ApplicationLifetime", "{60578B29-1AB4-445E-89A8-0CEA3DD52D1E}"
EndProject
Project("{9A19103F-16F7-4668-BE54-9A1E7A4F7556}") = "Contracts", "..\..\Libraries\Common\NetStandard\DAL\Contracts\Contracts.csproj", "{63B5EFF4-93FA-436C-B283-5F51B8A9E172}"
EndProject
Project("{9A19103F-16F7-4668-BE54-9A1E7A4F7556}") = "Contracts", "..\..\Libraries\Common\NetStandard\View\Contracts\Contracts.csproj", "{12BB791B-96B2-43D9-8E3E-821B17CD376B}"
EndProject
Project("{2150E333-8FDC-42A3-9474-1A3956D46DE8}") = "Scar.Services", "Scar.Services", "{317F1F20-2EF8-4A68-9963-FC0D6CDFE53B}"
EndProject
Project("{9A19103F-16F7-4668-BE54-9A1E7A4F7556}") = "Contracts", "..\..\Libraries\Services\Contracts\Contracts.csproj", "{9C488B6E-4F3A-4A9C-AEEA-E5600F632E8E}"
EndProject
Project("{9A19103F-16F7-4668-BE54-9A1E7A4F7556}") = "Common", "..\..\Libraries\Common\NetStandard\Common\Common.csproj", "{9A142C2A-2700-468D-9428-70682F36852D}"
EndProject
Project("{9A19103F-16F7-4668-BE54-9A1E7A4F7556}") = "Contracts", "..\..\Libraries\Common\NetStandard\ApplicationLifetime\Contracts\Contracts.csproj", "{B05EA210-AE11-494B-B7A2-08608883DF07}"
EndProject
Project("{9A19103F-16F7-4668-BE54-9A1E7A4F7556}") = "AutofacInstantiation", "..\..\Libraries\Common\NetStandard\Various\AutofacInstantiation\AutofacInstantiation.csproj", "{44FC5F78-6188-44B3-A440-E139F6821509}"
EndProject
Project("{9A19103F-16F7-4668-BE54-9A1E7A4F7556}") = "Localization", "..\..\Libraries\Common\NetStandard\Various\Localization\Localization.csproj", "{2E44B69B-5D59-49F6-85BD-C72238FAFC08}"
EndProject
Project("{9A19103F-16F7-4668-BE54-9A1E7A4F7556}") = "RateLimiting", "..\..\Libraries\Common\NetStandard\Various\RateLimiting\RateLimiting.csproj", "{42060DED-2EB7-4F9A-836E-C1157D94D65E}"
EndProject
Project("{2150E333-8FDC-42A3-9474-1A3956D46DE8}") = "Sync", "Sync", "{20453DD1-9E7E-45A9-B0B4-151BB37D620F}"
EndProject
Project("{9A19103F-16F7-4668-BE54-9A1E7A4F7556}") = "Contracts", "..\..\Libraries\Common\NetStandard\Sync\Contracts\Contracts.csproj", "{BA1A8EBF-F9D4-42B3-897D-0D92ADE37B50}"
EndProject
Project("{9A19103F-16F7-4668-BE54-9A1E7A4F7556}") = "LiteDB", "..\..\Libraries\Common\NetStandard\DAL\LiteDB\LiteDB.csproj", "{FA7A3DC0-6351-4A1F-88B7-55CEC75336DB}"
EndProject
Project("{9A19103F-16F7-4668-BE54-9A1E7A4F7556}") = "IO", "..\..\Libraries\Common\NetStandard\Various\IO\IO.csproj", "{96BF0FCF-4D03-452E-993C-076638B14EB6}"
EndProject
Project("{9A19103F-16F7-4668-BE54-9A1E7A4F7556}") = "AutoCompleteTextBox", "..\..\Libraries\Common\WPF\Controls\AutoCompleteTextBox\AutoCompleteTextBox.csproj", "{68A23B8B-BA9C-44C4-BCE1-C86D906DF5CF}"
EndProject
Project("{9A19103F-16F7-4668-BE54-9A1E7A4F7556}") = "ExternalBrowserHyperlink", "..\..\Libraries\Common\WPF\Controls\ExternalBrowserHyperlink\ExternalBrowserHyperlink.csproj", "{28B5BFC5-CE79-4806-A239-43EEA11A2AC6}"
EndProject
Project("{9A19103F-16F7-4668-BE54-9A1E7A4F7556}") = "NumericUpDown", "..\..\Libraries\Common\WPF\Controls\NumericUpDown\NumericUpDown.csproj", "{AF0C63A1-2749-4F6D-820F-FDE7FF294B9D}"
EndProject
Project("{9A19103F-16F7-4668-BE54-9A1E7A4F7556}") = "Styles", "..\..\Libraries\Common\WPF\Controls\Styles\Styles.csproj", "{124B5FE1-F174-44E1-B329-55432F366F76}"
EndProject
Project("{9A19103F-16F7-4668-BE54-9A1E7A4F7556}") = "Converters", "..\..\Libraries\Common\WPF\Various\Converters\Converters.csproj", "{A8794289-6E80-4768-950F-058422A9282B}"
EndProject
Project("{9A19103F-16F7-4668-BE54-9A1E7A4F7556}") = "Localization", "..\..\Libraries\Common\WPF\Various\Localization\Localization.csproj", "{48771B66-66D7-4BF8-AD9C-A7586D00D25A}"
EndProject
Project("{9A19103F-16F7-4668-BE54-9A1E7A4F7556}") = "Core", "..\..\Libraries\Common\WPF\View\Core\Core.csproj", "{B11BBFBD-A07B-4EB6-B065-45706D83BBF7}"
EndProject
Project("{9A19103F-16F7-4668-BE54-9A1E7A4F7556}") = "Async", "..\..\Libraries\Common\NetStandard\Various\Async\Async.csproj", "{C300DF37-347A-44D4-81A0-A7C1871ABA5C}"
EndProject
Project("{9A19103F-16F7-4668-BE54-9A1E7A4F7556}") = "CollectionView", "..\..\Libraries\Common\NetStandard\MVVM\CollectionView\CollectionView.csproj", "{040C8736-2970-4F58-8FAD-EC318A59B25E}"
EndProject
Project("{9A19103F-16F7-4668-BE54-9A1E7A4F7556}") = "ViewModel", "..\..\Libraries\Common\NetStandard\MVVM\ViewModel\ViewModel.csproj", "{2A7010FC-67BA-4879-B68A-4B2FF917CF68}"
EndProject
Project("{9A19103F-16F7-4668-BE54-9A1E7A4F7556}") = "WebApi", "..\..\Libraries\Common\WebApi\WebApi.csproj", "{530B9838-CAFD-4C14-819D-F9A1736F18DA}"
EndProject
Project("{9A19103F-16F7-4668-BE54-9A1E7A4F7556}") = "Contracts", "..\..\Libraries\Common\WPF\View\Contracts\Contracts.csproj", "{8FFCF182-A7DA-4BAD-AA04-3CEEF39C3C79}"
EndProject
Project("{9A19103F-16F7-4668-BE54-9A1E7A4F7556}") = "CustomWindow", "..\..\Libraries\Common\WPF\View\CustomWindow\CustomWindow.csproj", "{085F0420-F738-4AF3-A5FE-FE434D954814}"
EndProject
Project("{9A19103F-16F7-4668-BE54-9A1E7A4F7556}") = "View.Converters", "View.Converters\View.Converters.csproj", "{AAC799C7-2B5F-4DCE-80F6-7C337886635E}"
EndProject
Project("{2150E333-8FDC-42A3-9474-1A3956D46DE8}") = "View.Controls", "View.Controls", "{A6204550-0C58-4E21-A11B-B2E870DB13FC}"
	ProjectSection(SolutionItems) = preProject
		View.Controls\Directory.Build.props = View.Controls\Directory.Build.props
	EndProjectSection
EndProject
Project("{9A19103F-16F7-4668-BE54-9A1E7A4F7556}") = "TranslationDetails", "View.Controls\TranslationDetails\TranslationDetails.csproj", "{FF03BF85-263A-4A9C-9A6F-94FAB54187E9}"
EndProject
Project("{9A19103F-16F7-4668-BE54-9A1E7A4F7556}") = "Dialogs", "View.Controls\Dialogs\Dialogs.csproj", "{6F983773-DB6E-439C-8338-53153BC648EB}"
EndProject
Project("{9A19103F-16F7-4668-BE54-9A1E7A4F7556}") = "Settings", "View.Controls\Settings\Settings.csproj", "{09A90182-453E-423F-9098-3E031A34635F}"
EndProject
Project("{9A19103F-16F7-4668-BE54-9A1E7A4F7556}") = "Grid", "View.Controls\Grid\Grid.csproj", "{115A4A3A-D748-4B74-AB9D-5CD91AEC9064}"
EndProject
Project("{9A19103F-16F7-4668-BE54-9A1E7A4F7556}") = "Buttons", "View.Controls\Buttons\Buttons.csproj", "{95C9B2E0-9689-405D-9A33-9B08B5F4C860}"
EndProject
Project("{9A19103F-16F7-4668-BE54-9A1E7A4F7556}") = "View.Resources", "View.Resources\View.Resources.csproj", "{54375871-6993-492F-AFEA-0CE130552109}"
EndProject
Project("{9A19103F-16F7-4668-BE54-9A1E7A4F7556}") = "CardCommonInfo", "View.Controls\CardCommonInfo\CardCommonInfo.csproj", "{8829C289-976D-4FE3-B847-F7336B763DC2}"
EndProject
Project("{9A19103F-16F7-4668-BE54-9A1E7A4F7556}") = "Word", "View.Controls\Word\Word.csproj", "{764B508F-38A6-42CF-82B3-8EA17007467D}"
EndProject
Project("{9A19103F-16F7-4668-BE54-9A1E7A4F7556}") = "WordImageViewer", "View.Controls\WordImageViewer\WordImageViewer.csproj", "{484E6711-1F89-42E1-A8C7-A8F73F2C28E3}"
EndProject
Project("{9A19103F-16F7-4668-BE54-9A1E7A4F7556}") = "Grid.Columns", "View.Controls\Grid.Columns\Grid.Columns.csproj", "{E31B1008-85AC-4BAE-9583-FCF0108B33B5}"
EndProject
Project("{9A19103F-16F7-4668-BE54-9A1E7A4F7556}") = "AddProcessToBlacklist", "View.Controls\AddProcessToBlacklist\AddProcessToBlacklist.csproj", "{0E170275-773E-403B-A184-87C46500B6B6}"
EndProject
Project("{9A19103F-16F7-4668-BE54-9A1E7A4F7556}") = "ProcessBlacklistColumns", "View.Controls\ProcessesBlacklistColumns\ProcessBlacklistColumns.csproj", "{C7D11F1A-CF31-414D-9B17-947C07615900}"
EndProject
Project("{9A19103F-16F7-4668-BE54-9A1E7A4F7556}") = "TrayToolTip", "View.Controls\TrayToolTip\TrayToolTip.csproj", "{59E3C85D-10B3-4295-B393-DC3182CD156F}"
EndProject
Project("{9A19103F-16F7-4668-BE54-9A1E7A4F7556}") = "LearningInfoActions", "View.Controls\LearningInfoActions\LearningInfoActions.csproj", "{8613D25A-6835-4184-B195-74A24D56DFC5}"
EndProject
Project("{9A19103F-16F7-4668-BE54-9A1E7A4F7556}") = "Words", "View.Controls\Words\Words.csproj", "{0191CEA9-96FF-42D3-9A28-D1ADE5610A6B}"
EndProject
Project("{9A19103F-16F7-4668-BE54-9A1E7A4F7556}") = "MoreExamples", "View.Controls\MoreExamples\MoreExamples.csproj", "{C713C186-128F-46F9-9C10-44D8DF0178DC}"
EndProject
Project("{9A19103F-16F7-4668-BE54-9A1E7A4F7556}") = "ClassificationCategories", "View.Controls\ClassificationCategories\ClassificationCategories.csproj", "{682774ED-9962-4284-A83F-04A7664E9B19}"
EndProject
Project("{9A19103F-16F7-4668-BE54-9A1E7A4F7556}") = "Prepositions", "View.Controls\Prepositions\Prepositions.csproj", "{A54BDB84-6B69-4B11-B7AD-0F8DCDA99AC2}"
EndProject
Project("{9A19103F-16F7-4668-BE54-9A1E7A4F7556}") = "PartOfSpeechTranslation", "View.Controls\PartOfSpeechTranslation\PartOfSpeechTranslation.csproj", "{4FCACD32-8CBE-4749-A710-54F6020B32CF}"
EndProject
Project("{2150E333-8FDC-42A3-9474-1A3956D46DE8}") = "Translation", "Translation", "{8C2C3215-C1EF-4F75-BCBA-B3390A801D63}"
EndProject
Project("{9A19103F-16F7-4668-BE54-9A1E7A4F7556}") = "TranslationVariant", "View.Controls\TranslationVariant\TranslationVariant.csproj", "{4CC8DECC-61B1-48BB-99AF-2E830C5603FB}"
EndProject
Project("{9A19103F-16F7-4668-BE54-9A1E7A4F7556}") = "Behaviors", "..\..\Libraries\Common\WPF\Various\Behaviors\Behaviors.csproj", "{EB4CD5E1-6697-4B44-8093-0BAC6569D135}"
EndProject
Project("{2150E333-8FDC-42A3-9474-1A3956D46DE8}") = "Assessment", "Assessment", "{A563B135-F23F-4189-AB7C-D5DD60895587}"
EndProject
Project("{9A19103F-16F7-4668-BE54-9A1E7A4F7556}") = "AssessmentCard", "View.Controls\AssessmentCard\AssessmentCard.csproj", "{8E5A176D-7265-4ABD-BABE-17A71B5FC191}"
EndProject
Project("{9A19103F-16F7-4668-BE54-9A1E7A4F7556}") = "Answer", "View.Controls\Answer\Answer.csproj", "{68286348-C658-4EFC-B1C3-F10CB2990545}"
EndProject
Project("{9A19103F-16F7-4668-BE54-9A1E7A4F7556}") = "AssessmentCardBatch", "View.Controls\AssessmentCardBatch\AssessmentCardBatch.csproj", "{C4D61D3A-08FE-4D9F-8454-690C0FB3B731}"
EndProject
Project("{9A19103F-16F7-4668-BE54-9A1E7A4F7556}") = "Startup", "..\..\Libraries\Common\WPF\Various\Startup\Startup.csproj", "{22D604FA-BD20-4A59-AEFF-5DF1EC782A9B}"
EndProject
Project("{9A19103F-16F7-4668-BE54-9A1E7A4F7556}") = "WindowCreation", "..\..\Libraries\Common\WPF\View\WindowCreation\WindowCreation.csproj", "{9F473D35-97C3-4053-B5A1-DEA34C41D9E4}"
EndProject
Project("{9A19103F-16F7-4668-BE54-9A1E7A4F7556}") = "UClassify", "..\..\Libraries\Services\UClassify\UClassify.csproj", "{64B42A09-56BE-4AB6-A7D7-E81321D0C944}"
EndProject
Project("{9A19103F-16F7-4668-BE54-9A1E7A4F7556}") = "Yandex", "..\..\Libraries\Services\Yandex\Yandex.csproj", "{F36EC9AF-67D5-49ED-ADE9-E104B64B19A2}"
EndProject
Project("{9A19103F-16F7-4668-BE54-9A1E7A4F7556}") = "Qwant", "..\..\Libraries\Services\Qwant\Qwant.csproj", "{2B38C8E1-9D00-4A0E-8B63-A8F672993180}"
EndProject
Project("{9A19103F-16F7-4668-BE54-9A1E7A4F7556}") = "ImageDownload", "..\..\Libraries\Services\ImageDownload\ImageDownload.csproj", "{402F769B-00AC-4233-ADE9-A845E720A090}"
EndProject
Project("{9A19103F-16F7-4668-BE54-9A1E7A4F7556}") = "Windows", "..\..\Libraries\Common\NetStandard\Sync\Windows\Windows.csproj", "{4825777C-269A-4DB0-A903-8F76A45BC371}"
EndProject
Project("{9A19103F-16F7-4668-BE54-9A1E7A4F7556}") = "AutofacWindowProvision", "..\..\Libraries\Common\NetStandard\View\AutofacWindowProvision\AutofacWindowProvision.csproj", "{960A49E9-2022-4AF8-A730-84E38A47340C}"
EndProject
Project("{9A19103F-16F7-4668-BE54-9A1E7A4F7556}") = "CollectionView", "..\..\Libraries\Common\WPF\Various\CollectionView\CollectionView.csproj", "{1614E6F3-D929-44DA-9057-1B3372FFF4FB}"
EndProject
Project("{9A19103F-16F7-4668-BE54-9A1E7A4F7556}") = "AutofacHttpClientProvision", "..\..\Libraries\Common\NetStandard\Various\AutofacHttpClientProvision\AutofacHttpClientProvision.csproj", "{542F4309-15ED-4C30-940B-5F260B9C8BA1}"
EndProject
Project("{9A19103F-16F7-4668-BE54-9A1E7A4F7556}") = "WindowCreation", "..\..\Libraries\Common\NetStandard\View\WindowCreation\WindowCreation.csproj", "{486F6871-6FDE-492F-B3C1-DFBF4627656F}"
EndProject
Project("{9A19103F-16F7-4668-BE54-9A1E7A4F7556}") = "Autocomplete.Contracts", "..\..\Libraries\Common\NetStandard\Various\Autocomplete.Contracts\Autocomplete.Contracts.csproj", "{646B0B57-CB29-4B51-9186-E2683FE8FA85}"
EndProject
Project("{9A19103F-16F7-4668-BE54-9A1E7A4F7556}") = "Installer", "..\..\Libraries\Common\Installer\Installer.csproj", "{6E9D82DD-3CE3-4C17-A310-05555E9A4A8B}"
EndProject
Global
	GlobalSection(SolutionConfigurationPlatforms) = preSolution
		Debug|Any CPU = Debug|Any CPU
		Debug|iPhone = Debug|iPhone
		Debug|iPhoneSimulator = Debug|iPhoneSimulator
		Release|Any CPU = Release|Any CPU
		Release|iPhone = Release|iPhone
		Release|iPhoneSimulator = Release|iPhoneSimulator
	EndGlobalSection
	GlobalSection(ProjectConfigurationPlatforms) = postSolution
		{AEA2E53B-FA60-40EB-BEC2-E48990D09BA0}.Debug|Any CPU.ActiveCfg = Debug|Any CPU
		{AEA2E53B-FA60-40EB-BEC2-E48990D09BA0}.Debug|Any CPU.Build.0 = Debug|Any CPU
		{AEA2E53B-FA60-40EB-BEC2-E48990D09BA0}.Debug|iPhone.ActiveCfg = Debug|Any CPU
		{AEA2E53B-FA60-40EB-BEC2-E48990D09BA0}.Debug|iPhone.Build.0 = Debug|Any CPU
		{AEA2E53B-FA60-40EB-BEC2-E48990D09BA0}.Debug|iPhoneSimulator.ActiveCfg = Debug|Any CPU
		{AEA2E53B-FA60-40EB-BEC2-E48990D09BA0}.Debug|iPhoneSimulator.Build.0 = Debug|Any CPU
		{AEA2E53B-FA60-40EB-BEC2-E48990D09BA0}.Release|Any CPU.ActiveCfg = Release|Any CPU
		{AEA2E53B-FA60-40EB-BEC2-E48990D09BA0}.Release|Any CPU.Build.0 = Release|Any CPU
		{AEA2E53B-FA60-40EB-BEC2-E48990D09BA0}.Release|iPhone.ActiveCfg = Release|Any CPU
		{AEA2E53B-FA60-40EB-BEC2-E48990D09BA0}.Release|iPhone.Build.0 = Release|Any CPU
		{AEA2E53B-FA60-40EB-BEC2-E48990D09BA0}.Release|iPhoneSimulator.ActiveCfg = Release|Any CPU
		{AEA2E53B-FA60-40EB-BEC2-E48990D09BA0}.Release|iPhoneSimulator.Build.0 = Release|Any CPU
		{0E8CE927-1859-41A0-971A-DE6425AC6852}.Debug|Any CPU.ActiveCfg = Debug|Any CPU
		{0E8CE927-1859-41A0-971A-DE6425AC6852}.Debug|Any CPU.Build.0 = Debug|Any CPU
		{0E8CE927-1859-41A0-971A-DE6425AC6852}.Debug|iPhone.ActiveCfg = Debug|Any CPU
		{0E8CE927-1859-41A0-971A-DE6425AC6852}.Debug|iPhone.Build.0 = Debug|Any CPU
		{0E8CE927-1859-41A0-971A-DE6425AC6852}.Debug|iPhoneSimulator.ActiveCfg = Debug|Any CPU
		{0E8CE927-1859-41A0-971A-DE6425AC6852}.Debug|iPhoneSimulator.Build.0 = Debug|Any CPU
		{0E8CE927-1859-41A0-971A-DE6425AC6852}.Release|Any CPU.ActiveCfg = Release|Any CPU
		{0E8CE927-1859-41A0-971A-DE6425AC6852}.Release|Any CPU.Build.0 = Release|Any CPU
		{0E8CE927-1859-41A0-971A-DE6425AC6852}.Release|iPhone.ActiveCfg = Release|Any CPU
		{0E8CE927-1859-41A0-971A-DE6425AC6852}.Release|iPhone.Build.0 = Release|Any CPU
		{0E8CE927-1859-41A0-971A-DE6425AC6852}.Release|iPhoneSimulator.ActiveCfg = Release|Any CPU
		{0E8CE927-1859-41A0-971A-DE6425AC6852}.Release|iPhoneSimulator.Build.0 = Release|Any CPU
		{A2E7DAAE-8DF9-42AE-A433-8810248A0E26}.Debug|Any CPU.ActiveCfg = Debug|Any CPU
		{A2E7DAAE-8DF9-42AE-A433-8810248A0E26}.Debug|iPhone.ActiveCfg = Debug|Any CPU
		{A2E7DAAE-8DF9-42AE-A433-8810248A0E26}.Debug|iPhone.Build.0 = Debug|Any CPU
		{A2E7DAAE-8DF9-42AE-A433-8810248A0E26}.Debug|iPhoneSimulator.ActiveCfg = Debug|Any CPU
		{A2E7DAAE-8DF9-42AE-A433-8810248A0E26}.Debug|iPhoneSimulator.Build.0 = Debug|Any CPU
		{A2E7DAAE-8DF9-42AE-A433-8810248A0E26}.Release|Any CPU.ActiveCfg = Release|Any CPU
		{A2E7DAAE-8DF9-42AE-A433-8810248A0E26}.Release|iPhone.ActiveCfg = Release|Any CPU
		{A2E7DAAE-8DF9-42AE-A433-8810248A0E26}.Release|iPhone.Build.0 = Release|Any CPU
		{A2E7DAAE-8DF9-42AE-A433-8810248A0E26}.Release|iPhoneSimulator.ActiveCfg = Release|Any CPU
		{A2E7DAAE-8DF9-42AE-A433-8810248A0E26}.Release|iPhoneSimulator.Build.0 = Release|Any CPU
		{6F4F5769-673C-436C-9F84-0CAFAF21AA30}.Debug|Any CPU.ActiveCfg = Debug|Any CPU
		{6F4F5769-673C-436C-9F84-0CAFAF21AA30}.Debug|Any CPU.Build.0 = Debug|Any CPU
		{6F4F5769-673C-436C-9F84-0CAFAF21AA30}.Debug|iPhone.ActiveCfg = Debug|Any CPU
		{6F4F5769-673C-436C-9F84-0CAFAF21AA30}.Debug|iPhone.Build.0 = Debug|Any CPU
		{6F4F5769-673C-436C-9F84-0CAFAF21AA30}.Debug|iPhoneSimulator.ActiveCfg = Debug|Any CPU
		{6F4F5769-673C-436C-9F84-0CAFAF21AA30}.Debug|iPhoneSimulator.Build.0 = Debug|Any CPU
		{6F4F5769-673C-436C-9F84-0CAFAF21AA30}.Release|Any CPU.ActiveCfg = Release|Any CPU
		{6F4F5769-673C-436C-9F84-0CAFAF21AA30}.Release|Any CPU.Build.0 = Release|Any CPU
		{6F4F5769-673C-436C-9F84-0CAFAF21AA30}.Release|iPhone.ActiveCfg = Release|Any CPU
		{6F4F5769-673C-436C-9F84-0CAFAF21AA30}.Release|iPhone.Build.0 = Release|Any CPU
		{6F4F5769-673C-436C-9F84-0CAFAF21AA30}.Release|iPhoneSimulator.ActiveCfg = Release|Any CPU
		{6F4F5769-673C-436C-9F84-0CAFAF21AA30}.Release|iPhoneSimulator.Build.0 = Release|Any CPU
		{75074E3A-94AF-42CA-B90A-B1F194D7D812}.Debug|Any CPU.ActiveCfg = Debug|Any CPU
		{75074E3A-94AF-42CA-B90A-B1F194D7D812}.Debug|Any CPU.Build.0 = Debug|Any CPU
		{75074E3A-94AF-42CA-B90A-B1F194D7D812}.Debug|iPhone.ActiveCfg = Debug|Any CPU
		{75074E3A-94AF-42CA-B90A-B1F194D7D812}.Debug|iPhone.Build.0 = Debug|Any CPU
		{75074E3A-94AF-42CA-B90A-B1F194D7D812}.Debug|iPhoneSimulator.ActiveCfg = Debug|Any CPU
		{75074E3A-94AF-42CA-B90A-B1F194D7D812}.Debug|iPhoneSimulator.Build.0 = Debug|Any CPU
		{75074E3A-94AF-42CA-B90A-B1F194D7D812}.Release|Any CPU.ActiveCfg = Release|Any CPU
		{75074E3A-94AF-42CA-B90A-B1F194D7D812}.Release|Any CPU.Build.0 = Release|Any CPU
		{75074E3A-94AF-42CA-B90A-B1F194D7D812}.Release|iPhone.ActiveCfg = Release|Any CPU
		{75074E3A-94AF-42CA-B90A-B1F194D7D812}.Release|iPhone.Build.0 = Release|Any CPU
		{75074E3A-94AF-42CA-B90A-B1F194D7D812}.Release|iPhoneSimulator.ActiveCfg = Release|Any CPU
		{75074E3A-94AF-42CA-B90A-B1F194D7D812}.Release|iPhoneSimulator.Build.0 = Release|Any CPU
		{A4DAD214-A08F-4A0E-8E26-F7FBCDA801FE}.Debug|Any CPU.ActiveCfg = Debug|Any CPU
		{A4DAD214-A08F-4A0E-8E26-F7FBCDA801FE}.Debug|Any CPU.Build.0 = Debug|Any CPU
		{A4DAD214-A08F-4A0E-8E26-F7FBCDA801FE}.Debug|iPhone.ActiveCfg = Debug|Any CPU
		{A4DAD214-A08F-4A0E-8E26-F7FBCDA801FE}.Debug|iPhone.Build.0 = Debug|Any CPU
		{A4DAD214-A08F-4A0E-8E26-F7FBCDA801FE}.Debug|iPhoneSimulator.ActiveCfg = Debug|Any CPU
		{A4DAD214-A08F-4A0E-8E26-F7FBCDA801FE}.Debug|iPhoneSimulator.Build.0 = Debug|Any CPU
		{A4DAD214-A08F-4A0E-8E26-F7FBCDA801FE}.Release|Any CPU.ActiveCfg = Release|Any CPU
		{A4DAD214-A08F-4A0E-8E26-F7FBCDA801FE}.Release|Any CPU.Build.0 = Release|Any CPU
		{A4DAD214-A08F-4A0E-8E26-F7FBCDA801FE}.Release|iPhone.ActiveCfg = Release|Any CPU
		{A4DAD214-A08F-4A0E-8E26-F7FBCDA801FE}.Release|iPhone.Build.0 = Release|Any CPU
		{A4DAD214-A08F-4A0E-8E26-F7FBCDA801FE}.Release|iPhoneSimulator.ActiveCfg = Release|Any CPU
		{A4DAD214-A08F-4A0E-8E26-F7FBCDA801FE}.Release|iPhoneSimulator.Build.0 = Release|Any CPU
		{1C3ECD88-7B1A-4513-B3E9-3474588BEC8D}.Debug|Any CPU.ActiveCfg = Debug|Any CPU
		{1C3ECD88-7B1A-4513-B3E9-3474588BEC8D}.Debug|Any CPU.Build.0 = Debug|Any CPU
		{1C3ECD88-7B1A-4513-B3E9-3474588BEC8D}.Debug|iPhone.ActiveCfg = Debug|Any CPU
		{1C3ECD88-7B1A-4513-B3E9-3474588BEC8D}.Debug|iPhone.Build.0 = Debug|Any CPU
		{1C3ECD88-7B1A-4513-B3E9-3474588BEC8D}.Debug|iPhoneSimulator.ActiveCfg = Debug|Any CPU
		{1C3ECD88-7B1A-4513-B3E9-3474588BEC8D}.Debug|iPhoneSimulator.Build.0 = Debug|Any CPU
		{1C3ECD88-7B1A-4513-B3E9-3474588BEC8D}.Release|Any CPU.ActiveCfg = Release|Any CPU
		{1C3ECD88-7B1A-4513-B3E9-3474588BEC8D}.Release|Any CPU.Build.0 = Release|Any CPU
		{1C3ECD88-7B1A-4513-B3E9-3474588BEC8D}.Release|iPhone.ActiveCfg = Release|Any CPU
		{1C3ECD88-7B1A-4513-B3E9-3474588BEC8D}.Release|iPhone.Build.0 = Release|Any CPU
		{1C3ECD88-7B1A-4513-B3E9-3474588BEC8D}.Release|iPhoneSimulator.ActiveCfg = Release|Any CPU
		{1C3ECD88-7B1A-4513-B3E9-3474588BEC8D}.Release|iPhoneSimulator.Build.0 = Release|Any CPU
		{A10C7E6D-D616-4B99-8BB2-A43035346099}.Debug|Any CPU.ActiveCfg = Debug|Any CPU
		{A10C7E6D-D616-4B99-8BB2-A43035346099}.Debug|Any CPU.Build.0 = Debug|Any CPU
		{A10C7E6D-D616-4B99-8BB2-A43035346099}.Debug|iPhone.ActiveCfg = Debug|Any CPU
		{A10C7E6D-D616-4B99-8BB2-A43035346099}.Debug|iPhone.Build.0 = Debug|Any CPU
		{A10C7E6D-D616-4B99-8BB2-A43035346099}.Debug|iPhoneSimulator.ActiveCfg = Debug|Any CPU
		{A10C7E6D-D616-4B99-8BB2-A43035346099}.Debug|iPhoneSimulator.Build.0 = Debug|Any CPU
		{A10C7E6D-D616-4B99-8BB2-A43035346099}.Release|Any CPU.ActiveCfg = Release|Any CPU
		{A10C7E6D-D616-4B99-8BB2-A43035346099}.Release|Any CPU.Build.0 = Release|Any CPU
		{A10C7E6D-D616-4B99-8BB2-A43035346099}.Release|iPhone.ActiveCfg = Release|Any CPU
		{A10C7E6D-D616-4B99-8BB2-A43035346099}.Release|iPhone.Build.0 = Release|Any CPU
		{A10C7E6D-D616-4B99-8BB2-A43035346099}.Release|iPhoneSimulator.ActiveCfg = Release|Any CPU
		{A10C7E6D-D616-4B99-8BB2-A43035346099}.Release|iPhoneSimulator.Build.0 = Release|Any CPU
		{3BA8BF52-7125-401E-BE18-16650135AA4A}.Debug|Any CPU.ActiveCfg = Debug|Any CPU
		{3BA8BF52-7125-401E-BE18-16650135AA4A}.Debug|Any CPU.Build.0 = Debug|Any CPU
		{3BA8BF52-7125-401E-BE18-16650135AA4A}.Debug|iPhone.ActiveCfg = Debug|Any CPU
		{3BA8BF52-7125-401E-BE18-16650135AA4A}.Debug|iPhone.Build.0 = Debug|Any CPU
		{3BA8BF52-7125-401E-BE18-16650135AA4A}.Debug|iPhoneSimulator.ActiveCfg = Debug|Any CPU
		{3BA8BF52-7125-401E-BE18-16650135AA4A}.Debug|iPhoneSimulator.Build.0 = Debug|Any CPU
		{3BA8BF52-7125-401E-BE18-16650135AA4A}.Release|Any CPU.ActiveCfg = Release|Any CPU
		{3BA8BF52-7125-401E-BE18-16650135AA4A}.Release|Any CPU.Build.0 = Release|Any CPU
		{3BA8BF52-7125-401E-BE18-16650135AA4A}.Release|iPhone.ActiveCfg = Release|Any CPU
		{3BA8BF52-7125-401E-BE18-16650135AA4A}.Release|iPhone.Build.0 = Release|Any CPU
		{3BA8BF52-7125-401E-BE18-16650135AA4A}.Release|iPhoneSimulator.ActiveCfg = Release|Any CPU
		{3BA8BF52-7125-401E-BE18-16650135AA4A}.Release|iPhoneSimulator.Build.0 = Release|Any CPU
		{24958824-6559-4EDE-9954-42E5A22B2144}.Debug|Any CPU.ActiveCfg = Debug|Any CPU
		{24958824-6559-4EDE-9954-42E5A22B2144}.Debug|Any CPU.Build.0 = Debug|Any CPU
		{24958824-6559-4EDE-9954-42E5A22B2144}.Debug|iPhone.ActiveCfg = Debug|Any CPU
		{24958824-6559-4EDE-9954-42E5A22B2144}.Debug|iPhone.Build.0 = Debug|Any CPU
		{24958824-6559-4EDE-9954-42E5A22B2144}.Debug|iPhoneSimulator.ActiveCfg = Debug|Any CPU
		{24958824-6559-4EDE-9954-42E5A22B2144}.Debug|iPhoneSimulator.Build.0 = Debug|Any CPU
		{24958824-6559-4EDE-9954-42E5A22B2144}.Release|Any CPU.ActiveCfg = Release|Any CPU
		{24958824-6559-4EDE-9954-42E5A22B2144}.Release|Any CPU.Build.0 = Release|Any CPU
		{24958824-6559-4EDE-9954-42E5A22B2144}.Release|iPhone.ActiveCfg = Release|Any CPU
		{24958824-6559-4EDE-9954-42E5A22B2144}.Release|iPhone.Build.0 = Release|Any CPU
		{24958824-6559-4EDE-9954-42E5A22B2144}.Release|iPhoneSimulator.ActiveCfg = Release|Any CPU
		{24958824-6559-4EDE-9954-42E5A22B2144}.Release|iPhoneSimulator.Build.0 = Release|Any CPU
		{84467837-62C2-4E54-9375-0433FB073582}.Debug|Any CPU.ActiveCfg = Debug|Any CPU
		{84467837-62C2-4E54-9375-0433FB073582}.Debug|Any CPU.Build.0 = Debug|Any CPU
		{84467837-62C2-4E54-9375-0433FB073582}.Debug|iPhone.ActiveCfg = Debug|Any CPU
		{84467837-62C2-4E54-9375-0433FB073582}.Debug|iPhone.Build.0 = Debug|Any CPU
		{84467837-62C2-4E54-9375-0433FB073582}.Debug|iPhoneSimulator.ActiveCfg = Debug|Any CPU
		{84467837-62C2-4E54-9375-0433FB073582}.Debug|iPhoneSimulator.Build.0 = Debug|Any CPU
		{84467837-62C2-4E54-9375-0433FB073582}.Release|Any CPU.ActiveCfg = Release|Any CPU
		{84467837-62C2-4E54-9375-0433FB073582}.Release|Any CPU.Build.0 = Release|Any CPU
		{84467837-62C2-4E54-9375-0433FB073582}.Release|iPhone.ActiveCfg = Release|Any CPU
		{84467837-62C2-4E54-9375-0433FB073582}.Release|iPhone.Build.0 = Release|Any CPU
		{84467837-62C2-4E54-9375-0433FB073582}.Release|iPhoneSimulator.ActiveCfg = Release|Any CPU
		{84467837-62C2-4E54-9375-0433FB073582}.Release|iPhoneSimulator.Build.0 = Release|Any CPU
		{5DDC9A85-751F-426D-BA05-8E225D7EC30A}.Debug|Any CPU.ActiveCfg = Debug|Any CPU
		{5DDC9A85-751F-426D-BA05-8E225D7EC30A}.Debug|Any CPU.Build.0 = Debug|Any CPU
		{5DDC9A85-751F-426D-BA05-8E225D7EC30A}.Debug|iPhone.ActiveCfg = Debug|Any CPU
		{5DDC9A85-751F-426D-BA05-8E225D7EC30A}.Debug|iPhone.Build.0 = Debug|Any CPU
		{5DDC9A85-751F-426D-BA05-8E225D7EC30A}.Debug|iPhoneSimulator.ActiveCfg = Debug|Any CPU
		{5DDC9A85-751F-426D-BA05-8E225D7EC30A}.Debug|iPhoneSimulator.Build.0 = Debug|Any CPU
		{5DDC9A85-751F-426D-BA05-8E225D7EC30A}.Release|Any CPU.ActiveCfg = Release|Any CPU
		{5DDC9A85-751F-426D-BA05-8E225D7EC30A}.Release|Any CPU.Build.0 = Release|Any CPU
		{5DDC9A85-751F-426D-BA05-8E225D7EC30A}.Release|iPhone.ActiveCfg = Release|Any CPU
		{5DDC9A85-751F-426D-BA05-8E225D7EC30A}.Release|iPhone.Build.0 = Release|Any CPU
		{5DDC9A85-751F-426D-BA05-8E225D7EC30A}.Release|iPhoneSimulator.ActiveCfg = Release|Any CPU
		{5DDC9A85-751F-426D-BA05-8E225D7EC30A}.Release|iPhoneSimulator.Build.0 = Release|Any CPU
		{1915B867-5566-4E09-BB1E-298A66B0C8E2}.Debug|Any CPU.ActiveCfg = Debug|Any CPU
		{1915B867-5566-4E09-BB1E-298A66B0C8E2}.Debug|Any CPU.Build.0 = Debug|Any CPU
		{1915B867-5566-4E09-BB1E-298A66B0C8E2}.Debug|iPhone.ActiveCfg = Debug|Any CPU
		{1915B867-5566-4E09-BB1E-298A66B0C8E2}.Debug|iPhone.Build.0 = Debug|Any CPU
		{1915B867-5566-4E09-BB1E-298A66B0C8E2}.Debug|iPhoneSimulator.ActiveCfg = Debug|Any CPU
		{1915B867-5566-4E09-BB1E-298A66B0C8E2}.Debug|iPhoneSimulator.Build.0 = Debug|Any CPU
		{1915B867-5566-4E09-BB1E-298A66B0C8E2}.Release|Any CPU.ActiveCfg = Release|Any CPU
		{1915B867-5566-4E09-BB1E-298A66B0C8E2}.Release|Any CPU.Build.0 = Release|Any CPU
		{1915B867-5566-4E09-BB1E-298A66B0C8E2}.Release|iPhone.ActiveCfg = Release|Any CPU
		{1915B867-5566-4E09-BB1E-298A66B0C8E2}.Release|iPhone.Build.0 = Release|Any CPU
		{1915B867-5566-4E09-BB1E-298A66B0C8E2}.Release|iPhoneSimulator.ActiveCfg = Release|Any CPU
		{1915B867-5566-4E09-BB1E-298A66B0C8E2}.Release|iPhoneSimulator.Build.0 = Release|Any CPU
		{63B5EFF4-93FA-436C-B283-5F51B8A9E172}.Debug|Any CPU.ActiveCfg = Debug|Any CPU
		{63B5EFF4-93FA-436C-B283-5F51B8A9E172}.Debug|Any CPU.Build.0 = Debug|Any CPU
		{63B5EFF4-93FA-436C-B283-5F51B8A9E172}.Debug|iPhone.ActiveCfg = Debug|Any CPU
		{63B5EFF4-93FA-436C-B283-5F51B8A9E172}.Debug|iPhone.Build.0 = Debug|Any CPU
		{63B5EFF4-93FA-436C-B283-5F51B8A9E172}.Debug|iPhoneSimulator.ActiveCfg = Debug|Any CPU
		{63B5EFF4-93FA-436C-B283-5F51B8A9E172}.Debug|iPhoneSimulator.Build.0 = Debug|Any CPU
		{63B5EFF4-93FA-436C-B283-5F51B8A9E172}.Release|Any CPU.ActiveCfg = Release|Any CPU
		{63B5EFF4-93FA-436C-B283-5F51B8A9E172}.Release|Any CPU.Build.0 = Release|Any CPU
		{63B5EFF4-93FA-436C-B283-5F51B8A9E172}.Release|iPhone.ActiveCfg = Release|Any CPU
		{63B5EFF4-93FA-436C-B283-5F51B8A9E172}.Release|iPhone.Build.0 = Release|Any CPU
		{63B5EFF4-93FA-436C-B283-5F51B8A9E172}.Release|iPhoneSimulator.ActiveCfg = Release|Any CPU
		{63B5EFF4-93FA-436C-B283-5F51B8A9E172}.Release|iPhoneSimulator.Build.0 = Release|Any CPU
		{12BB791B-96B2-43D9-8E3E-821B17CD376B}.Debug|Any CPU.ActiveCfg = Debug|Any CPU
		{12BB791B-96B2-43D9-8E3E-821B17CD376B}.Debug|Any CPU.Build.0 = Debug|Any CPU
		{12BB791B-96B2-43D9-8E3E-821B17CD376B}.Debug|iPhone.ActiveCfg = Debug|Any CPU
		{12BB791B-96B2-43D9-8E3E-821B17CD376B}.Debug|iPhone.Build.0 = Debug|Any CPU
		{12BB791B-96B2-43D9-8E3E-821B17CD376B}.Debug|iPhoneSimulator.ActiveCfg = Debug|Any CPU
		{12BB791B-96B2-43D9-8E3E-821B17CD376B}.Debug|iPhoneSimulator.Build.0 = Debug|Any CPU
		{12BB791B-96B2-43D9-8E3E-821B17CD376B}.Release|Any CPU.ActiveCfg = Release|Any CPU
		{12BB791B-96B2-43D9-8E3E-821B17CD376B}.Release|Any CPU.Build.0 = Release|Any CPU
		{12BB791B-96B2-43D9-8E3E-821B17CD376B}.Release|iPhone.ActiveCfg = Release|Any CPU
		{12BB791B-96B2-43D9-8E3E-821B17CD376B}.Release|iPhone.Build.0 = Release|Any CPU
		{12BB791B-96B2-43D9-8E3E-821B17CD376B}.Release|iPhoneSimulator.ActiveCfg = Release|Any CPU
		{12BB791B-96B2-43D9-8E3E-821B17CD376B}.Release|iPhoneSimulator.Build.0 = Release|Any CPU
		{9C488B6E-4F3A-4A9C-AEEA-E5600F632E8E}.Debug|Any CPU.ActiveCfg = Debug|Any CPU
		{9C488B6E-4F3A-4A9C-AEEA-E5600F632E8E}.Debug|Any CPU.Build.0 = Debug|Any CPU
		{9C488B6E-4F3A-4A9C-AEEA-E5600F632E8E}.Debug|iPhone.ActiveCfg = Debug|Any CPU
		{9C488B6E-4F3A-4A9C-AEEA-E5600F632E8E}.Debug|iPhone.Build.0 = Debug|Any CPU
		{9C488B6E-4F3A-4A9C-AEEA-E5600F632E8E}.Debug|iPhoneSimulator.ActiveCfg = Debug|Any CPU
		{9C488B6E-4F3A-4A9C-AEEA-E5600F632E8E}.Debug|iPhoneSimulator.Build.0 = Debug|Any CPU
		{9C488B6E-4F3A-4A9C-AEEA-E5600F632E8E}.Release|Any CPU.ActiveCfg = Release|Any CPU
		{9C488B6E-4F3A-4A9C-AEEA-E5600F632E8E}.Release|Any CPU.Build.0 = Release|Any CPU
		{9C488B6E-4F3A-4A9C-AEEA-E5600F632E8E}.Release|iPhone.ActiveCfg = Release|Any CPU
		{9C488B6E-4F3A-4A9C-AEEA-E5600F632E8E}.Release|iPhone.Build.0 = Release|Any CPU
		{9C488B6E-4F3A-4A9C-AEEA-E5600F632E8E}.Release|iPhoneSimulator.ActiveCfg = Release|Any CPU
		{9C488B6E-4F3A-4A9C-AEEA-E5600F632E8E}.Release|iPhoneSimulator.Build.0 = Release|Any CPU
		{9A142C2A-2700-468D-9428-70682F36852D}.Debug|Any CPU.ActiveCfg = Debug|Any CPU
		{9A142C2A-2700-468D-9428-70682F36852D}.Debug|Any CPU.Build.0 = Debug|Any CPU
		{9A142C2A-2700-468D-9428-70682F36852D}.Debug|iPhone.ActiveCfg = Debug|Any CPU
		{9A142C2A-2700-468D-9428-70682F36852D}.Debug|iPhone.Build.0 = Debug|Any CPU
		{9A142C2A-2700-468D-9428-70682F36852D}.Debug|iPhoneSimulator.ActiveCfg = Debug|Any CPU
		{9A142C2A-2700-468D-9428-70682F36852D}.Debug|iPhoneSimulator.Build.0 = Debug|Any CPU
		{9A142C2A-2700-468D-9428-70682F36852D}.Release|Any CPU.ActiveCfg = Release|Any CPU
		{9A142C2A-2700-468D-9428-70682F36852D}.Release|Any CPU.Build.0 = Release|Any CPU
		{9A142C2A-2700-468D-9428-70682F36852D}.Release|iPhone.ActiveCfg = Release|Any CPU
		{9A142C2A-2700-468D-9428-70682F36852D}.Release|iPhone.Build.0 = Release|Any CPU
		{9A142C2A-2700-468D-9428-70682F36852D}.Release|iPhoneSimulator.ActiveCfg = Release|Any CPU
		{9A142C2A-2700-468D-9428-70682F36852D}.Release|iPhoneSimulator.Build.0 = Release|Any CPU
		{B05EA210-AE11-494B-B7A2-08608883DF07}.Debug|Any CPU.ActiveCfg = Debug|Any CPU
		{B05EA210-AE11-494B-B7A2-08608883DF07}.Debug|Any CPU.Build.0 = Debug|Any CPU
		{B05EA210-AE11-494B-B7A2-08608883DF07}.Debug|iPhone.ActiveCfg = Debug|Any CPU
		{B05EA210-AE11-494B-B7A2-08608883DF07}.Debug|iPhone.Build.0 = Debug|Any CPU
		{B05EA210-AE11-494B-B7A2-08608883DF07}.Debug|iPhoneSimulator.ActiveCfg = Debug|Any CPU
		{B05EA210-AE11-494B-B7A2-08608883DF07}.Debug|iPhoneSimulator.Build.0 = Debug|Any CPU
		{B05EA210-AE11-494B-B7A2-08608883DF07}.Release|Any CPU.ActiveCfg = Release|Any CPU
		{B05EA210-AE11-494B-B7A2-08608883DF07}.Release|Any CPU.Build.0 = Release|Any CPU
		{B05EA210-AE11-494B-B7A2-08608883DF07}.Release|iPhone.ActiveCfg = Release|Any CPU
		{B05EA210-AE11-494B-B7A2-08608883DF07}.Release|iPhone.Build.0 = Release|Any CPU
		{B05EA210-AE11-494B-B7A2-08608883DF07}.Release|iPhoneSimulator.ActiveCfg = Release|Any CPU
		{B05EA210-AE11-494B-B7A2-08608883DF07}.Release|iPhoneSimulator.Build.0 = Release|Any CPU
		{44FC5F78-6188-44B3-A440-E139F6821509}.Debug|Any CPU.ActiveCfg = Debug|Any CPU
		{44FC5F78-6188-44B3-A440-E139F6821509}.Debug|Any CPU.Build.0 = Debug|Any CPU
		{44FC5F78-6188-44B3-A440-E139F6821509}.Debug|iPhone.ActiveCfg = Debug|Any CPU
		{44FC5F78-6188-44B3-A440-E139F6821509}.Debug|iPhone.Build.0 = Debug|Any CPU
		{44FC5F78-6188-44B3-A440-E139F6821509}.Debug|iPhoneSimulator.ActiveCfg = Debug|Any CPU
		{44FC5F78-6188-44B3-A440-E139F6821509}.Debug|iPhoneSimulator.Build.0 = Debug|Any CPU
		{44FC5F78-6188-44B3-A440-E139F6821509}.Release|Any CPU.ActiveCfg = Release|Any CPU
		{44FC5F78-6188-44B3-A440-E139F6821509}.Release|Any CPU.Build.0 = Release|Any CPU
		{44FC5F78-6188-44B3-A440-E139F6821509}.Release|iPhone.ActiveCfg = Release|Any CPU
		{44FC5F78-6188-44B3-A440-E139F6821509}.Release|iPhone.Build.0 = Release|Any CPU
		{44FC5F78-6188-44B3-A440-E139F6821509}.Release|iPhoneSimulator.ActiveCfg = Release|Any CPU
		{44FC5F78-6188-44B3-A440-E139F6821509}.Release|iPhoneSimulator.Build.0 = Release|Any CPU
		{2E44B69B-5D59-49F6-85BD-C72238FAFC08}.Debug|Any CPU.ActiveCfg = Debug|Any CPU
		{2E44B69B-5D59-49F6-85BD-C72238FAFC08}.Debug|Any CPU.Build.0 = Debug|Any CPU
		{2E44B69B-5D59-49F6-85BD-C72238FAFC08}.Debug|iPhone.ActiveCfg = Debug|Any CPU
		{2E44B69B-5D59-49F6-85BD-C72238FAFC08}.Debug|iPhone.Build.0 = Debug|Any CPU
		{2E44B69B-5D59-49F6-85BD-C72238FAFC08}.Debug|iPhoneSimulator.ActiveCfg = Debug|Any CPU
		{2E44B69B-5D59-49F6-85BD-C72238FAFC08}.Debug|iPhoneSimulator.Build.0 = Debug|Any CPU
		{2E44B69B-5D59-49F6-85BD-C72238FAFC08}.Release|Any CPU.ActiveCfg = Release|Any CPU
		{2E44B69B-5D59-49F6-85BD-C72238FAFC08}.Release|Any CPU.Build.0 = Release|Any CPU
		{2E44B69B-5D59-49F6-85BD-C72238FAFC08}.Release|iPhone.ActiveCfg = Release|Any CPU
		{2E44B69B-5D59-49F6-85BD-C72238FAFC08}.Release|iPhone.Build.0 = Release|Any CPU
		{2E44B69B-5D59-49F6-85BD-C72238FAFC08}.Release|iPhoneSimulator.ActiveCfg = Release|Any CPU
		{2E44B69B-5D59-49F6-85BD-C72238FAFC08}.Release|iPhoneSimulator.Build.0 = Release|Any CPU
		{42060DED-2EB7-4F9A-836E-C1157D94D65E}.Debug|Any CPU.ActiveCfg = Debug|Any CPU
		{42060DED-2EB7-4F9A-836E-C1157D94D65E}.Debug|Any CPU.Build.0 = Debug|Any CPU
		{42060DED-2EB7-4F9A-836E-C1157D94D65E}.Debug|iPhone.ActiveCfg = Debug|Any CPU
		{42060DED-2EB7-4F9A-836E-C1157D94D65E}.Debug|iPhone.Build.0 = Debug|Any CPU
		{42060DED-2EB7-4F9A-836E-C1157D94D65E}.Debug|iPhoneSimulator.ActiveCfg = Debug|Any CPU
		{42060DED-2EB7-4F9A-836E-C1157D94D65E}.Debug|iPhoneSimulator.Build.0 = Debug|Any CPU
		{42060DED-2EB7-4F9A-836E-C1157D94D65E}.Release|Any CPU.ActiveCfg = Release|Any CPU
		{42060DED-2EB7-4F9A-836E-C1157D94D65E}.Release|Any CPU.Build.0 = Release|Any CPU
		{42060DED-2EB7-4F9A-836E-C1157D94D65E}.Release|iPhone.ActiveCfg = Release|Any CPU
		{42060DED-2EB7-4F9A-836E-C1157D94D65E}.Release|iPhone.Build.0 = Release|Any CPU
		{42060DED-2EB7-4F9A-836E-C1157D94D65E}.Release|iPhoneSimulator.ActiveCfg = Release|Any CPU
		{42060DED-2EB7-4F9A-836E-C1157D94D65E}.Release|iPhoneSimulator.Build.0 = Release|Any CPU
		{BA1A8EBF-F9D4-42B3-897D-0D92ADE37B50}.Debug|Any CPU.ActiveCfg = Debug|Any CPU
		{BA1A8EBF-F9D4-42B3-897D-0D92ADE37B50}.Debug|Any CPU.Build.0 = Debug|Any CPU
		{BA1A8EBF-F9D4-42B3-897D-0D92ADE37B50}.Debug|iPhone.ActiveCfg = Debug|Any CPU
		{BA1A8EBF-F9D4-42B3-897D-0D92ADE37B50}.Debug|iPhone.Build.0 = Debug|Any CPU
		{BA1A8EBF-F9D4-42B3-897D-0D92ADE37B50}.Debug|iPhoneSimulator.ActiveCfg = Debug|Any CPU
		{BA1A8EBF-F9D4-42B3-897D-0D92ADE37B50}.Debug|iPhoneSimulator.Build.0 = Debug|Any CPU
		{BA1A8EBF-F9D4-42B3-897D-0D92ADE37B50}.Release|Any CPU.ActiveCfg = Release|Any CPU
		{BA1A8EBF-F9D4-42B3-897D-0D92ADE37B50}.Release|Any CPU.Build.0 = Release|Any CPU
		{BA1A8EBF-F9D4-42B3-897D-0D92ADE37B50}.Release|iPhone.ActiveCfg = Release|Any CPU
		{BA1A8EBF-F9D4-42B3-897D-0D92ADE37B50}.Release|iPhone.Build.0 = Release|Any CPU
		{BA1A8EBF-F9D4-42B3-897D-0D92ADE37B50}.Release|iPhoneSimulator.ActiveCfg = Release|Any CPU
		{BA1A8EBF-F9D4-42B3-897D-0D92ADE37B50}.Release|iPhoneSimulator.Build.0 = Release|Any CPU
		{FA7A3DC0-6351-4A1F-88B7-55CEC75336DB}.Debug|Any CPU.ActiveCfg = Debug|Any CPU
		{FA7A3DC0-6351-4A1F-88B7-55CEC75336DB}.Debug|Any CPU.Build.0 = Debug|Any CPU
		{FA7A3DC0-6351-4A1F-88B7-55CEC75336DB}.Debug|iPhone.ActiveCfg = Debug|Any CPU
		{FA7A3DC0-6351-4A1F-88B7-55CEC75336DB}.Debug|iPhone.Build.0 = Debug|Any CPU
		{FA7A3DC0-6351-4A1F-88B7-55CEC75336DB}.Debug|iPhoneSimulator.ActiveCfg = Debug|Any CPU
		{FA7A3DC0-6351-4A1F-88B7-55CEC75336DB}.Debug|iPhoneSimulator.Build.0 = Debug|Any CPU
		{FA7A3DC0-6351-4A1F-88B7-55CEC75336DB}.Release|Any CPU.ActiveCfg = Release|Any CPU
		{FA7A3DC0-6351-4A1F-88B7-55CEC75336DB}.Release|Any CPU.Build.0 = Release|Any CPU
		{FA7A3DC0-6351-4A1F-88B7-55CEC75336DB}.Release|iPhone.ActiveCfg = Release|Any CPU
		{FA7A3DC0-6351-4A1F-88B7-55CEC75336DB}.Release|iPhone.Build.0 = Release|Any CPU
		{FA7A3DC0-6351-4A1F-88B7-55CEC75336DB}.Release|iPhoneSimulator.ActiveCfg = Release|Any CPU
		{FA7A3DC0-6351-4A1F-88B7-55CEC75336DB}.Release|iPhoneSimulator.Build.0 = Release|Any CPU
		{96BF0FCF-4D03-452E-993C-076638B14EB6}.Debug|Any CPU.ActiveCfg = Debug|Any CPU
		{96BF0FCF-4D03-452E-993C-076638B14EB6}.Debug|Any CPU.Build.0 = Debug|Any CPU
		{96BF0FCF-4D03-452E-993C-076638B14EB6}.Debug|iPhone.ActiveCfg = Debug|Any CPU
		{96BF0FCF-4D03-452E-993C-076638B14EB6}.Debug|iPhone.Build.0 = Debug|Any CPU
		{96BF0FCF-4D03-452E-993C-076638B14EB6}.Debug|iPhoneSimulator.ActiveCfg = Debug|Any CPU
		{96BF0FCF-4D03-452E-993C-076638B14EB6}.Debug|iPhoneSimulator.Build.0 = Debug|Any CPU
		{96BF0FCF-4D03-452E-993C-076638B14EB6}.Release|Any CPU.ActiveCfg = Release|Any CPU
		{96BF0FCF-4D03-452E-993C-076638B14EB6}.Release|Any CPU.Build.0 = Release|Any CPU
		{96BF0FCF-4D03-452E-993C-076638B14EB6}.Release|iPhone.ActiveCfg = Release|Any CPU
		{96BF0FCF-4D03-452E-993C-076638B14EB6}.Release|iPhone.Build.0 = Release|Any CPU
		{96BF0FCF-4D03-452E-993C-076638B14EB6}.Release|iPhoneSimulator.ActiveCfg = Release|Any CPU
		{96BF0FCF-4D03-452E-993C-076638B14EB6}.Release|iPhoneSimulator.Build.0 = Release|Any CPU
		{68A23B8B-BA9C-44C4-BCE1-C86D906DF5CF}.Debug|Any CPU.ActiveCfg = Debug|Any CPU
		{68A23B8B-BA9C-44C4-BCE1-C86D906DF5CF}.Debug|Any CPU.Build.0 = Debug|Any CPU
		{68A23B8B-BA9C-44C4-BCE1-C86D906DF5CF}.Debug|iPhone.ActiveCfg = Debug|Any CPU
		{68A23B8B-BA9C-44C4-BCE1-C86D906DF5CF}.Debug|iPhone.Build.0 = Debug|Any CPU
		{68A23B8B-BA9C-44C4-BCE1-C86D906DF5CF}.Debug|iPhoneSimulator.ActiveCfg = Debug|Any CPU
		{68A23B8B-BA9C-44C4-BCE1-C86D906DF5CF}.Debug|iPhoneSimulator.Build.0 = Debug|Any CPU
		{68A23B8B-BA9C-44C4-BCE1-C86D906DF5CF}.Release|Any CPU.ActiveCfg = Release|Any CPU
		{68A23B8B-BA9C-44C4-BCE1-C86D906DF5CF}.Release|Any CPU.Build.0 = Release|Any CPU
		{68A23B8B-BA9C-44C4-BCE1-C86D906DF5CF}.Release|iPhone.ActiveCfg = Release|Any CPU
		{68A23B8B-BA9C-44C4-BCE1-C86D906DF5CF}.Release|iPhone.Build.0 = Release|Any CPU
		{68A23B8B-BA9C-44C4-BCE1-C86D906DF5CF}.Release|iPhoneSimulator.ActiveCfg = Release|Any CPU
		{68A23B8B-BA9C-44C4-BCE1-C86D906DF5CF}.Release|iPhoneSimulator.Build.0 = Release|Any CPU
		{28B5BFC5-CE79-4806-A239-43EEA11A2AC6}.Debug|Any CPU.ActiveCfg = Debug|Any CPU
		{28B5BFC5-CE79-4806-A239-43EEA11A2AC6}.Debug|Any CPU.Build.0 = Debug|Any CPU
		{28B5BFC5-CE79-4806-A239-43EEA11A2AC6}.Debug|iPhone.ActiveCfg = Debug|Any CPU
		{28B5BFC5-CE79-4806-A239-43EEA11A2AC6}.Debug|iPhone.Build.0 = Debug|Any CPU
		{28B5BFC5-CE79-4806-A239-43EEA11A2AC6}.Debug|iPhoneSimulator.ActiveCfg = Debug|Any CPU
		{28B5BFC5-CE79-4806-A239-43EEA11A2AC6}.Debug|iPhoneSimulator.Build.0 = Debug|Any CPU
		{28B5BFC5-CE79-4806-A239-43EEA11A2AC6}.Release|Any CPU.ActiveCfg = Release|Any CPU
		{28B5BFC5-CE79-4806-A239-43EEA11A2AC6}.Release|Any CPU.Build.0 = Release|Any CPU
		{28B5BFC5-CE79-4806-A239-43EEA11A2AC6}.Release|iPhone.ActiveCfg = Release|Any CPU
		{28B5BFC5-CE79-4806-A239-43EEA11A2AC6}.Release|iPhone.Build.0 = Release|Any CPU
		{28B5BFC5-CE79-4806-A239-43EEA11A2AC6}.Release|iPhoneSimulator.ActiveCfg = Release|Any CPU
		{28B5BFC5-CE79-4806-A239-43EEA11A2AC6}.Release|iPhoneSimulator.Build.0 = Release|Any CPU
		{AF0C63A1-2749-4F6D-820F-FDE7FF294B9D}.Debug|Any CPU.ActiveCfg = Debug|Any CPU
		{AF0C63A1-2749-4F6D-820F-FDE7FF294B9D}.Debug|Any CPU.Build.0 = Debug|Any CPU
		{AF0C63A1-2749-4F6D-820F-FDE7FF294B9D}.Debug|iPhone.ActiveCfg = Debug|Any CPU
		{AF0C63A1-2749-4F6D-820F-FDE7FF294B9D}.Debug|iPhone.Build.0 = Debug|Any CPU
		{AF0C63A1-2749-4F6D-820F-FDE7FF294B9D}.Debug|iPhoneSimulator.ActiveCfg = Debug|Any CPU
		{AF0C63A1-2749-4F6D-820F-FDE7FF294B9D}.Debug|iPhoneSimulator.Build.0 = Debug|Any CPU
		{AF0C63A1-2749-4F6D-820F-FDE7FF294B9D}.Release|Any CPU.ActiveCfg = Release|Any CPU
		{AF0C63A1-2749-4F6D-820F-FDE7FF294B9D}.Release|Any CPU.Build.0 = Release|Any CPU
		{AF0C63A1-2749-4F6D-820F-FDE7FF294B9D}.Release|iPhone.ActiveCfg = Release|Any CPU
		{AF0C63A1-2749-4F6D-820F-FDE7FF294B9D}.Release|iPhone.Build.0 = Release|Any CPU
		{AF0C63A1-2749-4F6D-820F-FDE7FF294B9D}.Release|iPhoneSimulator.ActiveCfg = Release|Any CPU
		{AF0C63A1-2749-4F6D-820F-FDE7FF294B9D}.Release|iPhoneSimulator.Build.0 = Release|Any CPU
		{124B5FE1-F174-44E1-B329-55432F366F76}.Debug|Any CPU.ActiveCfg = Debug|Any CPU
		{124B5FE1-F174-44E1-B329-55432F366F76}.Debug|Any CPU.Build.0 = Debug|Any CPU
		{124B5FE1-F174-44E1-B329-55432F366F76}.Debug|iPhone.ActiveCfg = Debug|Any CPU
		{124B5FE1-F174-44E1-B329-55432F366F76}.Debug|iPhone.Build.0 = Debug|Any CPU
		{124B5FE1-F174-44E1-B329-55432F366F76}.Debug|iPhoneSimulator.ActiveCfg = Debug|Any CPU
		{124B5FE1-F174-44E1-B329-55432F366F76}.Debug|iPhoneSimulator.Build.0 = Debug|Any CPU
		{124B5FE1-F174-44E1-B329-55432F366F76}.Release|Any CPU.ActiveCfg = Release|Any CPU
		{124B5FE1-F174-44E1-B329-55432F366F76}.Release|Any CPU.Build.0 = Release|Any CPU
		{124B5FE1-F174-44E1-B329-55432F366F76}.Release|iPhone.ActiveCfg = Release|Any CPU
		{124B5FE1-F174-44E1-B329-55432F366F76}.Release|iPhone.Build.0 = Release|Any CPU
		{124B5FE1-F174-44E1-B329-55432F366F76}.Release|iPhoneSimulator.ActiveCfg = Release|Any CPU
		{124B5FE1-F174-44E1-B329-55432F366F76}.Release|iPhoneSimulator.Build.0 = Release|Any CPU
		{A8794289-6E80-4768-950F-058422A9282B}.Debug|Any CPU.ActiveCfg = Debug|Any CPU
		{A8794289-6E80-4768-950F-058422A9282B}.Debug|Any CPU.Build.0 = Debug|Any CPU
		{A8794289-6E80-4768-950F-058422A9282B}.Debug|iPhone.ActiveCfg = Debug|Any CPU
		{A8794289-6E80-4768-950F-058422A9282B}.Debug|iPhone.Build.0 = Debug|Any CPU
		{A8794289-6E80-4768-950F-058422A9282B}.Debug|iPhoneSimulator.ActiveCfg = Debug|Any CPU
		{A8794289-6E80-4768-950F-058422A9282B}.Debug|iPhoneSimulator.Build.0 = Debug|Any CPU
		{A8794289-6E80-4768-950F-058422A9282B}.Release|Any CPU.ActiveCfg = Release|Any CPU
		{A8794289-6E80-4768-950F-058422A9282B}.Release|Any CPU.Build.0 = Release|Any CPU
		{A8794289-6E80-4768-950F-058422A9282B}.Release|iPhone.ActiveCfg = Release|Any CPU
		{A8794289-6E80-4768-950F-058422A9282B}.Release|iPhone.Build.0 = Release|Any CPU
		{A8794289-6E80-4768-950F-058422A9282B}.Release|iPhoneSimulator.ActiveCfg = Release|Any CPU
		{A8794289-6E80-4768-950F-058422A9282B}.Release|iPhoneSimulator.Build.0 = Release|Any CPU
		{48771B66-66D7-4BF8-AD9C-A7586D00D25A}.Debug|Any CPU.ActiveCfg = Debug|Any CPU
		{48771B66-66D7-4BF8-AD9C-A7586D00D25A}.Debug|Any CPU.Build.0 = Debug|Any CPU
		{48771B66-66D7-4BF8-AD9C-A7586D00D25A}.Debug|iPhone.ActiveCfg = Debug|Any CPU
		{48771B66-66D7-4BF8-AD9C-A7586D00D25A}.Debug|iPhone.Build.0 = Debug|Any CPU
		{48771B66-66D7-4BF8-AD9C-A7586D00D25A}.Debug|iPhoneSimulator.ActiveCfg = Debug|Any CPU
		{48771B66-66D7-4BF8-AD9C-A7586D00D25A}.Debug|iPhoneSimulator.Build.0 = Debug|Any CPU
		{48771B66-66D7-4BF8-AD9C-A7586D00D25A}.Release|Any CPU.ActiveCfg = Release|Any CPU
		{48771B66-66D7-4BF8-AD9C-A7586D00D25A}.Release|Any CPU.Build.0 = Release|Any CPU
		{48771B66-66D7-4BF8-AD9C-A7586D00D25A}.Release|iPhone.ActiveCfg = Release|Any CPU
		{48771B66-66D7-4BF8-AD9C-A7586D00D25A}.Release|iPhone.Build.0 = Release|Any CPU
		{48771B66-66D7-4BF8-AD9C-A7586D00D25A}.Release|iPhoneSimulator.ActiveCfg = Release|Any CPU
		{48771B66-66D7-4BF8-AD9C-A7586D00D25A}.Release|iPhoneSimulator.Build.0 = Release|Any CPU
		{B11BBFBD-A07B-4EB6-B065-45706D83BBF7}.Debug|Any CPU.ActiveCfg = Debug|Any CPU
		{B11BBFBD-A07B-4EB6-B065-45706D83BBF7}.Debug|Any CPU.Build.0 = Debug|Any CPU
		{B11BBFBD-A07B-4EB6-B065-45706D83BBF7}.Debug|iPhone.ActiveCfg = Debug|Any CPU
		{B11BBFBD-A07B-4EB6-B065-45706D83BBF7}.Debug|iPhone.Build.0 = Debug|Any CPU
		{B11BBFBD-A07B-4EB6-B065-45706D83BBF7}.Debug|iPhoneSimulator.ActiveCfg = Debug|Any CPU
		{B11BBFBD-A07B-4EB6-B065-45706D83BBF7}.Debug|iPhoneSimulator.Build.0 = Debug|Any CPU
		{B11BBFBD-A07B-4EB6-B065-45706D83BBF7}.Release|Any CPU.ActiveCfg = Release|Any CPU
		{B11BBFBD-A07B-4EB6-B065-45706D83BBF7}.Release|Any CPU.Build.0 = Release|Any CPU
		{B11BBFBD-A07B-4EB6-B065-45706D83BBF7}.Release|iPhone.ActiveCfg = Release|Any CPU
		{B11BBFBD-A07B-4EB6-B065-45706D83BBF7}.Release|iPhone.Build.0 = Release|Any CPU
		{B11BBFBD-A07B-4EB6-B065-45706D83BBF7}.Release|iPhoneSimulator.ActiveCfg = Release|Any CPU
		{B11BBFBD-A07B-4EB6-B065-45706D83BBF7}.Release|iPhoneSimulator.Build.0 = Release|Any CPU
		{C300DF37-347A-44D4-81A0-A7C1871ABA5C}.Debug|Any CPU.ActiveCfg = Debug|Any CPU
		{C300DF37-347A-44D4-81A0-A7C1871ABA5C}.Debug|Any CPU.Build.0 = Debug|Any CPU
		{C300DF37-347A-44D4-81A0-A7C1871ABA5C}.Debug|iPhone.ActiveCfg = Debug|Any CPU
		{C300DF37-347A-44D4-81A0-A7C1871ABA5C}.Debug|iPhone.Build.0 = Debug|Any CPU
		{C300DF37-347A-44D4-81A0-A7C1871ABA5C}.Debug|iPhoneSimulator.ActiveCfg = Debug|Any CPU
		{C300DF37-347A-44D4-81A0-A7C1871ABA5C}.Debug|iPhoneSimulator.Build.0 = Debug|Any CPU
		{C300DF37-347A-44D4-81A0-A7C1871ABA5C}.Release|Any CPU.ActiveCfg = Release|Any CPU
		{C300DF37-347A-44D4-81A0-A7C1871ABA5C}.Release|Any CPU.Build.0 = Release|Any CPU
		{C300DF37-347A-44D4-81A0-A7C1871ABA5C}.Release|iPhone.ActiveCfg = Release|Any CPU
		{C300DF37-347A-44D4-81A0-A7C1871ABA5C}.Release|iPhone.Build.0 = Release|Any CPU
		{C300DF37-347A-44D4-81A0-A7C1871ABA5C}.Release|iPhoneSimulator.ActiveCfg = Release|Any CPU
		{C300DF37-347A-44D4-81A0-A7C1871ABA5C}.Release|iPhoneSimulator.Build.0 = Release|Any CPU
		{040C8736-2970-4F58-8FAD-EC318A59B25E}.Debug|Any CPU.ActiveCfg = Debug|Any CPU
		{040C8736-2970-4F58-8FAD-EC318A59B25E}.Debug|Any CPU.Build.0 = Debug|Any CPU
		{040C8736-2970-4F58-8FAD-EC318A59B25E}.Debug|iPhone.ActiveCfg = Debug|Any CPU
		{040C8736-2970-4F58-8FAD-EC318A59B25E}.Debug|iPhone.Build.0 = Debug|Any CPU
		{040C8736-2970-4F58-8FAD-EC318A59B25E}.Debug|iPhoneSimulator.ActiveCfg = Debug|Any CPU
		{040C8736-2970-4F58-8FAD-EC318A59B25E}.Debug|iPhoneSimulator.Build.0 = Debug|Any CPU
		{040C8736-2970-4F58-8FAD-EC318A59B25E}.Release|Any CPU.ActiveCfg = Release|Any CPU
		{040C8736-2970-4F58-8FAD-EC318A59B25E}.Release|Any CPU.Build.0 = Release|Any CPU
		{040C8736-2970-4F58-8FAD-EC318A59B25E}.Release|iPhone.ActiveCfg = Release|Any CPU
		{040C8736-2970-4F58-8FAD-EC318A59B25E}.Release|iPhone.Build.0 = Release|Any CPU
		{040C8736-2970-4F58-8FAD-EC318A59B25E}.Release|iPhoneSimulator.ActiveCfg = Release|Any CPU
		{040C8736-2970-4F58-8FAD-EC318A59B25E}.Release|iPhoneSimulator.Build.0 = Release|Any CPU
		{2A7010FC-67BA-4879-B68A-4B2FF917CF68}.Debug|Any CPU.ActiveCfg = Debug|Any CPU
		{2A7010FC-67BA-4879-B68A-4B2FF917CF68}.Debug|Any CPU.Build.0 = Debug|Any CPU
		{2A7010FC-67BA-4879-B68A-4B2FF917CF68}.Debug|iPhone.ActiveCfg = Debug|Any CPU
		{2A7010FC-67BA-4879-B68A-4B2FF917CF68}.Debug|iPhone.Build.0 = Debug|Any CPU
		{2A7010FC-67BA-4879-B68A-4B2FF917CF68}.Debug|iPhoneSimulator.ActiveCfg = Debug|Any CPU
		{2A7010FC-67BA-4879-B68A-4B2FF917CF68}.Debug|iPhoneSimulator.Build.0 = Debug|Any CPU
		{2A7010FC-67BA-4879-B68A-4B2FF917CF68}.Release|Any CPU.ActiveCfg = Release|Any CPU
		{2A7010FC-67BA-4879-B68A-4B2FF917CF68}.Release|Any CPU.Build.0 = Release|Any CPU
		{2A7010FC-67BA-4879-B68A-4B2FF917CF68}.Release|iPhone.ActiveCfg = Release|Any CPU
		{2A7010FC-67BA-4879-B68A-4B2FF917CF68}.Release|iPhone.Build.0 = Release|Any CPU
		{2A7010FC-67BA-4879-B68A-4B2FF917CF68}.Release|iPhoneSimulator.ActiveCfg = Release|Any CPU
		{2A7010FC-67BA-4879-B68A-4B2FF917CF68}.Release|iPhoneSimulator.Build.0 = Release|Any CPU
		{530B9838-CAFD-4C14-819D-F9A1736F18DA}.Debug|Any CPU.ActiveCfg = Debug|Any CPU
		{530B9838-CAFD-4C14-819D-F9A1736F18DA}.Debug|Any CPU.Build.0 = Debug|Any CPU
		{530B9838-CAFD-4C14-819D-F9A1736F18DA}.Debug|iPhone.ActiveCfg = Debug|Any CPU
		{530B9838-CAFD-4C14-819D-F9A1736F18DA}.Debug|iPhone.Build.0 = Debug|Any CPU
		{530B9838-CAFD-4C14-819D-F9A1736F18DA}.Debug|iPhoneSimulator.ActiveCfg = Debug|Any CPU
		{530B9838-CAFD-4C14-819D-F9A1736F18DA}.Debug|iPhoneSimulator.Build.0 = Debug|Any CPU
		{530B9838-CAFD-4C14-819D-F9A1736F18DA}.Release|Any CPU.ActiveCfg = Release|Any CPU
		{530B9838-CAFD-4C14-819D-F9A1736F18DA}.Release|Any CPU.Build.0 = Release|Any CPU
		{530B9838-CAFD-4C14-819D-F9A1736F18DA}.Release|iPhone.ActiveCfg = Release|Any CPU
		{530B9838-CAFD-4C14-819D-F9A1736F18DA}.Release|iPhone.Build.0 = Release|Any CPU
		{530B9838-CAFD-4C14-819D-F9A1736F18DA}.Release|iPhoneSimulator.ActiveCfg = Release|Any CPU
		{530B9838-CAFD-4C14-819D-F9A1736F18DA}.Release|iPhoneSimulator.Build.0 = Release|Any CPU
		{8FFCF182-A7DA-4BAD-AA04-3CEEF39C3C79}.Debug|Any CPU.ActiveCfg = Debug|Any CPU
		{8FFCF182-A7DA-4BAD-AA04-3CEEF39C3C79}.Debug|Any CPU.Build.0 = Debug|Any CPU
		{8FFCF182-A7DA-4BAD-AA04-3CEEF39C3C79}.Debug|iPhone.ActiveCfg = Debug|Any CPU
		{8FFCF182-A7DA-4BAD-AA04-3CEEF39C3C79}.Debug|iPhone.Build.0 = Debug|Any CPU
		{8FFCF182-A7DA-4BAD-AA04-3CEEF39C3C79}.Debug|iPhoneSimulator.ActiveCfg = Debug|Any CPU
		{8FFCF182-A7DA-4BAD-AA04-3CEEF39C3C79}.Debug|iPhoneSimulator.Build.0 = Debug|Any CPU
		{8FFCF182-A7DA-4BAD-AA04-3CEEF39C3C79}.Release|Any CPU.ActiveCfg = Release|Any CPU
		{8FFCF182-A7DA-4BAD-AA04-3CEEF39C3C79}.Release|Any CPU.Build.0 = Release|Any CPU
		{8FFCF182-A7DA-4BAD-AA04-3CEEF39C3C79}.Release|iPhone.ActiveCfg = Release|Any CPU
		{8FFCF182-A7DA-4BAD-AA04-3CEEF39C3C79}.Release|iPhone.Build.0 = Release|Any CPU
		{8FFCF182-A7DA-4BAD-AA04-3CEEF39C3C79}.Release|iPhoneSimulator.ActiveCfg = Release|Any CPU
		{8FFCF182-A7DA-4BAD-AA04-3CEEF39C3C79}.Release|iPhoneSimulator.Build.0 = Release|Any CPU
		{085F0420-F738-4AF3-A5FE-FE434D954814}.Debug|Any CPU.ActiveCfg = Debug|Any CPU
		{085F0420-F738-4AF3-A5FE-FE434D954814}.Debug|Any CPU.Build.0 = Debug|Any CPU
		{085F0420-F738-4AF3-A5FE-FE434D954814}.Debug|iPhone.ActiveCfg = Debug|Any CPU
		{085F0420-F738-4AF3-A5FE-FE434D954814}.Debug|iPhone.Build.0 = Debug|Any CPU
		{085F0420-F738-4AF3-A5FE-FE434D954814}.Debug|iPhoneSimulator.ActiveCfg = Debug|Any CPU
		{085F0420-F738-4AF3-A5FE-FE434D954814}.Debug|iPhoneSimulator.Build.0 = Debug|Any CPU
		{085F0420-F738-4AF3-A5FE-FE434D954814}.Release|Any CPU.ActiveCfg = Release|Any CPU
		{085F0420-F738-4AF3-A5FE-FE434D954814}.Release|Any CPU.Build.0 = Release|Any CPU
		{085F0420-F738-4AF3-A5FE-FE434D954814}.Release|iPhone.ActiveCfg = Release|Any CPU
		{085F0420-F738-4AF3-A5FE-FE434D954814}.Release|iPhone.Build.0 = Release|Any CPU
		{085F0420-F738-4AF3-A5FE-FE434D954814}.Release|iPhoneSimulator.ActiveCfg = Release|Any CPU
		{085F0420-F738-4AF3-A5FE-FE434D954814}.Release|iPhoneSimulator.Build.0 = Release|Any CPU
		{AAC799C7-2B5F-4DCE-80F6-7C337886635E}.Debug|Any CPU.ActiveCfg = Debug|Any CPU
		{AAC799C7-2B5F-4DCE-80F6-7C337886635E}.Debug|Any CPU.Build.0 = Debug|Any CPU
		{AAC799C7-2B5F-4DCE-80F6-7C337886635E}.Debug|iPhone.ActiveCfg = Debug|Any CPU
		{AAC799C7-2B5F-4DCE-80F6-7C337886635E}.Debug|iPhone.Build.0 = Debug|Any CPU
		{AAC799C7-2B5F-4DCE-80F6-7C337886635E}.Debug|iPhoneSimulator.ActiveCfg = Debug|Any CPU
		{AAC799C7-2B5F-4DCE-80F6-7C337886635E}.Debug|iPhoneSimulator.Build.0 = Debug|Any CPU
		{AAC799C7-2B5F-4DCE-80F6-7C337886635E}.Release|Any CPU.ActiveCfg = Release|Any CPU
		{AAC799C7-2B5F-4DCE-80F6-7C337886635E}.Release|Any CPU.Build.0 = Release|Any CPU
		{AAC799C7-2B5F-4DCE-80F6-7C337886635E}.Release|iPhone.ActiveCfg = Release|Any CPU
		{AAC799C7-2B5F-4DCE-80F6-7C337886635E}.Release|iPhone.Build.0 = Release|Any CPU
		{AAC799C7-2B5F-4DCE-80F6-7C337886635E}.Release|iPhoneSimulator.ActiveCfg = Release|Any CPU
		{AAC799C7-2B5F-4DCE-80F6-7C337886635E}.Release|iPhoneSimulator.Build.0 = Release|Any CPU
		{FF03BF85-263A-4A9C-9A6F-94FAB54187E9}.Debug|Any CPU.ActiveCfg = Debug|Any CPU
		{FF03BF85-263A-4A9C-9A6F-94FAB54187E9}.Debug|Any CPU.Build.0 = Debug|Any CPU
		{FF03BF85-263A-4A9C-9A6F-94FAB54187E9}.Debug|iPhone.ActiveCfg = Debug|Any CPU
		{FF03BF85-263A-4A9C-9A6F-94FAB54187E9}.Debug|iPhone.Build.0 = Debug|Any CPU
		{FF03BF85-263A-4A9C-9A6F-94FAB54187E9}.Debug|iPhoneSimulator.ActiveCfg = Debug|Any CPU
		{FF03BF85-263A-4A9C-9A6F-94FAB54187E9}.Debug|iPhoneSimulator.Build.0 = Debug|Any CPU
		{FF03BF85-263A-4A9C-9A6F-94FAB54187E9}.Release|Any CPU.ActiveCfg = Release|Any CPU
		{FF03BF85-263A-4A9C-9A6F-94FAB54187E9}.Release|Any CPU.Build.0 = Release|Any CPU
		{FF03BF85-263A-4A9C-9A6F-94FAB54187E9}.Release|iPhone.ActiveCfg = Release|Any CPU
		{FF03BF85-263A-4A9C-9A6F-94FAB54187E9}.Release|iPhone.Build.0 = Release|Any CPU
		{FF03BF85-263A-4A9C-9A6F-94FAB54187E9}.Release|iPhoneSimulator.ActiveCfg = Release|Any CPU
		{FF03BF85-263A-4A9C-9A6F-94FAB54187E9}.Release|iPhoneSimulator.Build.0 = Release|Any CPU
		{6F983773-DB6E-439C-8338-53153BC648EB}.Debug|Any CPU.ActiveCfg = Debug|Any CPU
		{6F983773-DB6E-439C-8338-53153BC648EB}.Debug|Any CPU.Build.0 = Debug|Any CPU
		{6F983773-DB6E-439C-8338-53153BC648EB}.Debug|iPhone.ActiveCfg = Debug|Any CPU
		{6F983773-DB6E-439C-8338-53153BC648EB}.Debug|iPhone.Build.0 = Debug|Any CPU
		{6F983773-DB6E-439C-8338-53153BC648EB}.Debug|iPhoneSimulator.ActiveCfg = Debug|Any CPU
		{6F983773-DB6E-439C-8338-53153BC648EB}.Debug|iPhoneSimulator.Build.0 = Debug|Any CPU
		{6F983773-DB6E-439C-8338-53153BC648EB}.Release|Any CPU.ActiveCfg = Release|Any CPU
		{6F983773-DB6E-439C-8338-53153BC648EB}.Release|Any CPU.Build.0 = Release|Any CPU
		{6F983773-DB6E-439C-8338-53153BC648EB}.Release|iPhone.ActiveCfg = Release|Any CPU
		{6F983773-DB6E-439C-8338-53153BC648EB}.Release|iPhone.Build.0 = Release|Any CPU
		{6F983773-DB6E-439C-8338-53153BC648EB}.Release|iPhoneSimulator.ActiveCfg = Release|Any CPU
		{6F983773-DB6E-439C-8338-53153BC648EB}.Release|iPhoneSimulator.Build.0 = Release|Any CPU
		{09A90182-453E-423F-9098-3E031A34635F}.Debug|Any CPU.ActiveCfg = Debug|Any CPU
		{09A90182-453E-423F-9098-3E031A34635F}.Debug|Any CPU.Build.0 = Debug|Any CPU
		{09A90182-453E-423F-9098-3E031A34635F}.Debug|iPhone.ActiveCfg = Debug|Any CPU
		{09A90182-453E-423F-9098-3E031A34635F}.Debug|iPhone.Build.0 = Debug|Any CPU
		{09A90182-453E-423F-9098-3E031A34635F}.Debug|iPhoneSimulator.ActiveCfg = Debug|Any CPU
		{09A90182-453E-423F-9098-3E031A34635F}.Debug|iPhoneSimulator.Build.0 = Debug|Any CPU
		{09A90182-453E-423F-9098-3E031A34635F}.Release|Any CPU.ActiveCfg = Release|Any CPU
		{09A90182-453E-423F-9098-3E031A34635F}.Release|Any CPU.Build.0 = Release|Any CPU
		{09A90182-453E-423F-9098-3E031A34635F}.Release|iPhone.ActiveCfg = Release|Any CPU
		{09A90182-453E-423F-9098-3E031A34635F}.Release|iPhone.Build.0 = Release|Any CPU
		{09A90182-453E-423F-9098-3E031A34635F}.Release|iPhoneSimulator.ActiveCfg = Release|Any CPU
		{09A90182-453E-423F-9098-3E031A34635F}.Release|iPhoneSimulator.Build.0 = Release|Any CPU
		{115A4A3A-D748-4B74-AB9D-5CD91AEC9064}.Debug|Any CPU.ActiveCfg = Debug|Any CPU
		{115A4A3A-D748-4B74-AB9D-5CD91AEC9064}.Debug|Any CPU.Build.0 = Debug|Any CPU
		{115A4A3A-D748-4B74-AB9D-5CD91AEC9064}.Debug|iPhone.ActiveCfg = Debug|Any CPU
		{115A4A3A-D748-4B74-AB9D-5CD91AEC9064}.Debug|iPhone.Build.0 = Debug|Any CPU
		{115A4A3A-D748-4B74-AB9D-5CD91AEC9064}.Debug|iPhoneSimulator.ActiveCfg = Debug|Any CPU
		{115A4A3A-D748-4B74-AB9D-5CD91AEC9064}.Debug|iPhoneSimulator.Build.0 = Debug|Any CPU
		{115A4A3A-D748-4B74-AB9D-5CD91AEC9064}.Release|Any CPU.ActiveCfg = Release|Any CPU
		{115A4A3A-D748-4B74-AB9D-5CD91AEC9064}.Release|Any CPU.Build.0 = Release|Any CPU
		{115A4A3A-D748-4B74-AB9D-5CD91AEC9064}.Release|iPhone.ActiveCfg = Release|Any CPU
		{115A4A3A-D748-4B74-AB9D-5CD91AEC9064}.Release|iPhone.Build.0 = Release|Any CPU
		{115A4A3A-D748-4B74-AB9D-5CD91AEC9064}.Release|iPhoneSimulator.ActiveCfg = Release|Any CPU
		{115A4A3A-D748-4B74-AB9D-5CD91AEC9064}.Release|iPhoneSimulator.Build.0 = Release|Any CPU
		{95C9B2E0-9689-405D-9A33-9B08B5F4C860}.Debug|Any CPU.ActiveCfg = Debug|Any CPU
		{95C9B2E0-9689-405D-9A33-9B08B5F4C860}.Debug|Any CPU.Build.0 = Debug|Any CPU
		{95C9B2E0-9689-405D-9A33-9B08B5F4C860}.Debug|iPhone.ActiveCfg = Debug|Any CPU
		{95C9B2E0-9689-405D-9A33-9B08B5F4C860}.Debug|iPhone.Build.0 = Debug|Any CPU
		{95C9B2E0-9689-405D-9A33-9B08B5F4C860}.Debug|iPhoneSimulator.ActiveCfg = Debug|Any CPU
		{95C9B2E0-9689-405D-9A33-9B08B5F4C860}.Debug|iPhoneSimulator.Build.0 = Debug|Any CPU
		{95C9B2E0-9689-405D-9A33-9B08B5F4C860}.Release|Any CPU.ActiveCfg = Release|Any CPU
		{95C9B2E0-9689-405D-9A33-9B08B5F4C860}.Release|Any CPU.Build.0 = Release|Any CPU
		{95C9B2E0-9689-405D-9A33-9B08B5F4C860}.Release|iPhone.ActiveCfg = Release|Any CPU
		{95C9B2E0-9689-405D-9A33-9B08B5F4C860}.Release|iPhone.Build.0 = Release|Any CPU
		{95C9B2E0-9689-405D-9A33-9B08B5F4C860}.Release|iPhoneSimulator.ActiveCfg = Release|Any CPU
		{95C9B2E0-9689-405D-9A33-9B08B5F4C860}.Release|iPhoneSimulator.Build.0 = Release|Any CPU
		{54375871-6993-492F-AFEA-0CE130552109}.Debug|Any CPU.ActiveCfg = Debug|Any CPU
		{54375871-6993-492F-AFEA-0CE130552109}.Debug|Any CPU.Build.0 = Debug|Any CPU
		{54375871-6993-492F-AFEA-0CE130552109}.Debug|iPhone.ActiveCfg = Debug|Any CPU
		{54375871-6993-492F-AFEA-0CE130552109}.Debug|iPhone.Build.0 = Debug|Any CPU
		{54375871-6993-492F-AFEA-0CE130552109}.Debug|iPhoneSimulator.ActiveCfg = Debug|Any CPU
		{54375871-6993-492F-AFEA-0CE130552109}.Debug|iPhoneSimulator.Build.0 = Debug|Any CPU
		{54375871-6993-492F-AFEA-0CE130552109}.Release|Any CPU.ActiveCfg = Release|Any CPU
		{54375871-6993-492F-AFEA-0CE130552109}.Release|Any CPU.Build.0 = Release|Any CPU
		{54375871-6993-492F-AFEA-0CE130552109}.Release|iPhone.ActiveCfg = Release|Any CPU
		{54375871-6993-492F-AFEA-0CE130552109}.Release|iPhone.Build.0 = Release|Any CPU
		{54375871-6993-492F-AFEA-0CE130552109}.Release|iPhoneSimulator.ActiveCfg = Release|Any CPU
		{54375871-6993-492F-AFEA-0CE130552109}.Release|iPhoneSimulator.Build.0 = Release|Any CPU
		{8829C289-976D-4FE3-B847-F7336B763DC2}.Debug|Any CPU.ActiveCfg = Debug|Any CPU
		{8829C289-976D-4FE3-B847-F7336B763DC2}.Debug|Any CPU.Build.0 = Debug|Any CPU
		{8829C289-976D-4FE3-B847-F7336B763DC2}.Debug|iPhone.ActiveCfg = Debug|Any CPU
		{8829C289-976D-4FE3-B847-F7336B763DC2}.Debug|iPhone.Build.0 = Debug|Any CPU
		{8829C289-976D-4FE3-B847-F7336B763DC2}.Debug|iPhoneSimulator.ActiveCfg = Debug|Any CPU
		{8829C289-976D-4FE3-B847-F7336B763DC2}.Debug|iPhoneSimulator.Build.0 = Debug|Any CPU
		{8829C289-976D-4FE3-B847-F7336B763DC2}.Release|Any CPU.ActiveCfg = Release|Any CPU
		{8829C289-976D-4FE3-B847-F7336B763DC2}.Release|Any CPU.Build.0 = Release|Any CPU
		{8829C289-976D-4FE3-B847-F7336B763DC2}.Release|iPhone.ActiveCfg = Release|Any CPU
		{8829C289-976D-4FE3-B847-F7336B763DC2}.Release|iPhone.Build.0 = Release|Any CPU
		{8829C289-976D-4FE3-B847-F7336B763DC2}.Release|iPhoneSimulator.ActiveCfg = Release|Any CPU
		{8829C289-976D-4FE3-B847-F7336B763DC2}.Release|iPhoneSimulator.Build.0 = Release|Any CPU
		{764B508F-38A6-42CF-82B3-8EA17007467D}.Debug|Any CPU.ActiveCfg = Debug|Any CPU
		{764B508F-38A6-42CF-82B3-8EA17007467D}.Debug|Any CPU.Build.0 = Debug|Any CPU
		{764B508F-38A6-42CF-82B3-8EA17007467D}.Debug|iPhone.ActiveCfg = Debug|Any CPU
		{764B508F-38A6-42CF-82B3-8EA17007467D}.Debug|iPhone.Build.0 = Debug|Any CPU
		{764B508F-38A6-42CF-82B3-8EA17007467D}.Debug|iPhoneSimulator.ActiveCfg = Debug|Any CPU
		{764B508F-38A6-42CF-82B3-8EA17007467D}.Debug|iPhoneSimulator.Build.0 = Debug|Any CPU
		{764B508F-38A6-42CF-82B3-8EA17007467D}.Release|Any CPU.ActiveCfg = Release|Any CPU
		{764B508F-38A6-42CF-82B3-8EA17007467D}.Release|Any CPU.Build.0 = Release|Any CPU
		{764B508F-38A6-42CF-82B3-8EA17007467D}.Release|iPhone.ActiveCfg = Release|Any CPU
		{764B508F-38A6-42CF-82B3-8EA17007467D}.Release|iPhone.Build.0 = Release|Any CPU
		{764B508F-38A6-42CF-82B3-8EA17007467D}.Release|iPhoneSimulator.ActiveCfg = Release|Any CPU
		{764B508F-38A6-42CF-82B3-8EA17007467D}.Release|iPhoneSimulator.Build.0 = Release|Any CPU
		{484E6711-1F89-42E1-A8C7-A8F73F2C28E3}.Debug|Any CPU.ActiveCfg = Debug|Any CPU
		{484E6711-1F89-42E1-A8C7-A8F73F2C28E3}.Debug|Any CPU.Build.0 = Debug|Any CPU
		{484E6711-1F89-42E1-A8C7-A8F73F2C28E3}.Debug|iPhone.ActiveCfg = Debug|Any CPU
		{484E6711-1F89-42E1-A8C7-A8F73F2C28E3}.Debug|iPhone.Build.0 = Debug|Any CPU
		{484E6711-1F89-42E1-A8C7-A8F73F2C28E3}.Debug|iPhoneSimulator.ActiveCfg = Debug|Any CPU
		{484E6711-1F89-42E1-A8C7-A8F73F2C28E3}.Debug|iPhoneSimulator.Build.0 = Debug|Any CPU
		{484E6711-1F89-42E1-A8C7-A8F73F2C28E3}.Release|Any CPU.ActiveCfg = Release|Any CPU
		{484E6711-1F89-42E1-A8C7-A8F73F2C28E3}.Release|Any CPU.Build.0 = Release|Any CPU
		{484E6711-1F89-42E1-A8C7-A8F73F2C28E3}.Release|iPhone.ActiveCfg = Release|Any CPU
		{484E6711-1F89-42E1-A8C7-A8F73F2C28E3}.Release|iPhone.Build.0 = Release|Any CPU
		{484E6711-1F89-42E1-A8C7-A8F73F2C28E3}.Release|iPhoneSimulator.ActiveCfg = Release|Any CPU
		{484E6711-1F89-42E1-A8C7-A8F73F2C28E3}.Release|iPhoneSimulator.Build.0 = Release|Any CPU
		{E31B1008-85AC-4BAE-9583-FCF0108B33B5}.Debug|Any CPU.ActiveCfg = Debug|Any CPU
		{E31B1008-85AC-4BAE-9583-FCF0108B33B5}.Debug|Any CPU.Build.0 = Debug|Any CPU
		{E31B1008-85AC-4BAE-9583-FCF0108B33B5}.Debug|iPhone.ActiveCfg = Debug|Any CPU
		{E31B1008-85AC-4BAE-9583-FCF0108B33B5}.Debug|iPhone.Build.0 = Debug|Any CPU
		{E31B1008-85AC-4BAE-9583-FCF0108B33B5}.Debug|iPhoneSimulator.ActiveCfg = Debug|Any CPU
		{E31B1008-85AC-4BAE-9583-FCF0108B33B5}.Debug|iPhoneSimulator.Build.0 = Debug|Any CPU
		{E31B1008-85AC-4BAE-9583-FCF0108B33B5}.Release|Any CPU.ActiveCfg = Release|Any CPU
		{E31B1008-85AC-4BAE-9583-FCF0108B33B5}.Release|Any CPU.Build.0 = Release|Any CPU
		{E31B1008-85AC-4BAE-9583-FCF0108B33B5}.Release|iPhone.ActiveCfg = Release|Any CPU
		{E31B1008-85AC-4BAE-9583-FCF0108B33B5}.Release|iPhone.Build.0 = Release|Any CPU
		{E31B1008-85AC-4BAE-9583-FCF0108B33B5}.Release|iPhoneSimulator.ActiveCfg = Release|Any CPU
		{E31B1008-85AC-4BAE-9583-FCF0108B33B5}.Release|iPhoneSimulator.Build.0 = Release|Any CPU
		{0E170275-773E-403B-A184-87C46500B6B6}.Debug|Any CPU.ActiveCfg = Debug|Any CPU
		{0E170275-773E-403B-A184-87C46500B6B6}.Debug|Any CPU.Build.0 = Debug|Any CPU
		{0E170275-773E-403B-A184-87C46500B6B6}.Debug|iPhone.ActiveCfg = Debug|Any CPU
		{0E170275-773E-403B-A184-87C46500B6B6}.Debug|iPhone.Build.0 = Debug|Any CPU
		{0E170275-773E-403B-A184-87C46500B6B6}.Debug|iPhoneSimulator.ActiveCfg = Debug|Any CPU
		{0E170275-773E-403B-A184-87C46500B6B6}.Debug|iPhoneSimulator.Build.0 = Debug|Any CPU
		{0E170275-773E-403B-A184-87C46500B6B6}.Release|Any CPU.ActiveCfg = Release|Any CPU
		{0E170275-773E-403B-A184-87C46500B6B6}.Release|Any CPU.Build.0 = Release|Any CPU
		{0E170275-773E-403B-A184-87C46500B6B6}.Release|iPhone.ActiveCfg = Release|Any CPU
		{0E170275-773E-403B-A184-87C46500B6B6}.Release|iPhone.Build.0 = Release|Any CPU
		{0E170275-773E-403B-A184-87C46500B6B6}.Release|iPhoneSimulator.ActiveCfg = Release|Any CPU
		{0E170275-773E-403B-A184-87C46500B6B6}.Release|iPhoneSimulator.Build.0 = Release|Any CPU
		{C7D11F1A-CF31-414D-9B17-947C07615900}.Debug|Any CPU.ActiveCfg = Debug|Any CPU
		{C7D11F1A-CF31-414D-9B17-947C07615900}.Debug|Any CPU.Build.0 = Debug|Any CPU
		{C7D11F1A-CF31-414D-9B17-947C07615900}.Debug|iPhone.ActiveCfg = Debug|Any CPU
		{C7D11F1A-CF31-414D-9B17-947C07615900}.Debug|iPhone.Build.0 = Debug|Any CPU
		{C7D11F1A-CF31-414D-9B17-947C07615900}.Debug|iPhoneSimulator.ActiveCfg = Debug|Any CPU
		{C7D11F1A-CF31-414D-9B17-947C07615900}.Debug|iPhoneSimulator.Build.0 = Debug|Any CPU
		{C7D11F1A-CF31-414D-9B17-947C07615900}.Release|Any CPU.ActiveCfg = Release|Any CPU
		{C7D11F1A-CF31-414D-9B17-947C07615900}.Release|Any CPU.Build.0 = Release|Any CPU
		{C7D11F1A-CF31-414D-9B17-947C07615900}.Release|iPhone.ActiveCfg = Release|Any CPU
		{C7D11F1A-CF31-414D-9B17-947C07615900}.Release|iPhone.Build.0 = Release|Any CPU
		{C7D11F1A-CF31-414D-9B17-947C07615900}.Release|iPhoneSimulator.ActiveCfg = Release|Any CPU
		{C7D11F1A-CF31-414D-9B17-947C07615900}.Release|iPhoneSimulator.Build.0 = Release|Any CPU
		{59E3C85D-10B3-4295-B393-DC3182CD156F}.Debug|Any CPU.ActiveCfg = Debug|Any CPU
		{59E3C85D-10B3-4295-B393-DC3182CD156F}.Debug|Any CPU.Build.0 = Debug|Any CPU
		{59E3C85D-10B3-4295-B393-DC3182CD156F}.Debug|iPhone.ActiveCfg = Debug|Any CPU
		{59E3C85D-10B3-4295-B393-DC3182CD156F}.Debug|iPhone.Build.0 = Debug|Any CPU
		{59E3C85D-10B3-4295-B393-DC3182CD156F}.Debug|iPhoneSimulator.ActiveCfg = Debug|Any CPU
		{59E3C85D-10B3-4295-B393-DC3182CD156F}.Debug|iPhoneSimulator.Build.0 = Debug|Any CPU
		{59E3C85D-10B3-4295-B393-DC3182CD156F}.Release|Any CPU.ActiveCfg = Release|Any CPU
		{59E3C85D-10B3-4295-B393-DC3182CD156F}.Release|Any CPU.Build.0 = Release|Any CPU
		{59E3C85D-10B3-4295-B393-DC3182CD156F}.Release|iPhone.ActiveCfg = Release|Any CPU
		{59E3C85D-10B3-4295-B393-DC3182CD156F}.Release|iPhone.Build.0 = Release|Any CPU
		{59E3C85D-10B3-4295-B393-DC3182CD156F}.Release|iPhoneSimulator.ActiveCfg = Release|Any CPU
		{59E3C85D-10B3-4295-B393-DC3182CD156F}.Release|iPhoneSimulator.Build.0 = Release|Any CPU
		{8613D25A-6835-4184-B195-74A24D56DFC5}.Debug|Any CPU.ActiveCfg = Debug|Any CPU
		{8613D25A-6835-4184-B195-74A24D56DFC5}.Debug|Any CPU.Build.0 = Debug|Any CPU
		{8613D25A-6835-4184-B195-74A24D56DFC5}.Debug|iPhone.ActiveCfg = Debug|Any CPU
		{8613D25A-6835-4184-B195-74A24D56DFC5}.Debug|iPhone.Build.0 = Debug|Any CPU
		{8613D25A-6835-4184-B195-74A24D56DFC5}.Debug|iPhoneSimulator.ActiveCfg = Debug|Any CPU
		{8613D25A-6835-4184-B195-74A24D56DFC5}.Debug|iPhoneSimulator.Build.0 = Debug|Any CPU
		{8613D25A-6835-4184-B195-74A24D56DFC5}.Release|Any CPU.ActiveCfg = Release|Any CPU
		{8613D25A-6835-4184-B195-74A24D56DFC5}.Release|Any CPU.Build.0 = Release|Any CPU
		{8613D25A-6835-4184-B195-74A24D56DFC5}.Release|iPhone.ActiveCfg = Release|Any CPU
		{8613D25A-6835-4184-B195-74A24D56DFC5}.Release|iPhone.Build.0 = Release|Any CPU
		{8613D25A-6835-4184-B195-74A24D56DFC5}.Release|iPhoneSimulator.ActiveCfg = Release|Any CPU
		{8613D25A-6835-4184-B195-74A24D56DFC5}.Release|iPhoneSimulator.Build.0 = Release|Any CPU
		{0191CEA9-96FF-42D3-9A28-D1ADE5610A6B}.Debug|Any CPU.ActiveCfg = Debug|Any CPU
		{0191CEA9-96FF-42D3-9A28-D1ADE5610A6B}.Debug|Any CPU.Build.0 = Debug|Any CPU
		{0191CEA9-96FF-42D3-9A28-D1ADE5610A6B}.Debug|iPhone.ActiveCfg = Debug|Any CPU
		{0191CEA9-96FF-42D3-9A28-D1ADE5610A6B}.Debug|iPhone.Build.0 = Debug|Any CPU
		{0191CEA9-96FF-42D3-9A28-D1ADE5610A6B}.Debug|iPhoneSimulator.ActiveCfg = Debug|Any CPU
		{0191CEA9-96FF-42D3-9A28-D1ADE5610A6B}.Debug|iPhoneSimulator.Build.0 = Debug|Any CPU
		{0191CEA9-96FF-42D3-9A28-D1ADE5610A6B}.Release|Any CPU.ActiveCfg = Release|Any CPU
		{0191CEA9-96FF-42D3-9A28-D1ADE5610A6B}.Release|Any CPU.Build.0 = Release|Any CPU
		{0191CEA9-96FF-42D3-9A28-D1ADE5610A6B}.Release|iPhone.ActiveCfg = Release|Any CPU
		{0191CEA9-96FF-42D3-9A28-D1ADE5610A6B}.Release|iPhone.Build.0 = Release|Any CPU
		{0191CEA9-96FF-42D3-9A28-D1ADE5610A6B}.Release|iPhoneSimulator.ActiveCfg = Release|Any CPU
		{0191CEA9-96FF-42D3-9A28-D1ADE5610A6B}.Release|iPhoneSimulator.Build.0 = Release|Any CPU
		{C713C186-128F-46F9-9C10-44D8DF0178DC}.Debug|Any CPU.ActiveCfg = Debug|Any CPU
		{C713C186-128F-46F9-9C10-44D8DF0178DC}.Debug|Any CPU.Build.0 = Debug|Any CPU
		{C713C186-128F-46F9-9C10-44D8DF0178DC}.Debug|iPhone.ActiveCfg = Debug|Any CPU
		{C713C186-128F-46F9-9C10-44D8DF0178DC}.Debug|iPhone.Build.0 = Debug|Any CPU
		{C713C186-128F-46F9-9C10-44D8DF0178DC}.Debug|iPhoneSimulator.ActiveCfg = Debug|Any CPU
		{C713C186-128F-46F9-9C10-44D8DF0178DC}.Debug|iPhoneSimulator.Build.0 = Debug|Any CPU
		{C713C186-128F-46F9-9C10-44D8DF0178DC}.Release|Any CPU.ActiveCfg = Release|Any CPU
		{C713C186-128F-46F9-9C10-44D8DF0178DC}.Release|Any CPU.Build.0 = Release|Any CPU
		{C713C186-128F-46F9-9C10-44D8DF0178DC}.Release|iPhone.ActiveCfg = Release|Any CPU
		{C713C186-128F-46F9-9C10-44D8DF0178DC}.Release|iPhone.Build.0 = Release|Any CPU
		{C713C186-128F-46F9-9C10-44D8DF0178DC}.Release|iPhoneSimulator.ActiveCfg = Release|Any CPU
		{C713C186-128F-46F9-9C10-44D8DF0178DC}.Release|iPhoneSimulator.Build.0 = Release|Any CPU
		{682774ED-9962-4284-A83F-04A7664E9B19}.Debug|Any CPU.ActiveCfg = Debug|Any CPU
		{682774ED-9962-4284-A83F-04A7664E9B19}.Debug|Any CPU.Build.0 = Debug|Any CPU
		{682774ED-9962-4284-A83F-04A7664E9B19}.Debug|iPhone.ActiveCfg = Debug|Any CPU
		{682774ED-9962-4284-A83F-04A7664E9B19}.Debug|iPhone.Build.0 = Debug|Any CPU
		{682774ED-9962-4284-A83F-04A7664E9B19}.Debug|iPhoneSimulator.ActiveCfg = Debug|Any CPU
		{682774ED-9962-4284-A83F-04A7664E9B19}.Debug|iPhoneSimulator.Build.0 = Debug|Any CPU
		{682774ED-9962-4284-A83F-04A7664E9B19}.Release|Any CPU.ActiveCfg = Release|Any CPU
		{682774ED-9962-4284-A83F-04A7664E9B19}.Release|Any CPU.Build.0 = Release|Any CPU
		{682774ED-9962-4284-A83F-04A7664E9B19}.Release|iPhone.ActiveCfg = Release|Any CPU
		{682774ED-9962-4284-A83F-04A7664E9B19}.Release|iPhone.Build.0 = Release|Any CPU
		{682774ED-9962-4284-A83F-04A7664E9B19}.Release|iPhoneSimulator.ActiveCfg = Release|Any CPU
		{682774ED-9962-4284-A83F-04A7664E9B19}.Release|iPhoneSimulator.Build.0 = Release|Any CPU
		{A54BDB84-6B69-4B11-B7AD-0F8DCDA99AC2}.Debug|Any CPU.ActiveCfg = Debug|Any CPU
		{A54BDB84-6B69-4B11-B7AD-0F8DCDA99AC2}.Debug|Any CPU.Build.0 = Debug|Any CPU
		{A54BDB84-6B69-4B11-B7AD-0F8DCDA99AC2}.Debug|iPhone.ActiveCfg = Debug|Any CPU
		{A54BDB84-6B69-4B11-B7AD-0F8DCDA99AC2}.Debug|iPhone.Build.0 = Debug|Any CPU
		{A54BDB84-6B69-4B11-B7AD-0F8DCDA99AC2}.Debug|iPhoneSimulator.ActiveCfg = Debug|Any CPU
		{A54BDB84-6B69-4B11-B7AD-0F8DCDA99AC2}.Debug|iPhoneSimulator.Build.0 = Debug|Any CPU
		{A54BDB84-6B69-4B11-B7AD-0F8DCDA99AC2}.Release|Any CPU.ActiveCfg = Release|Any CPU
		{A54BDB84-6B69-4B11-B7AD-0F8DCDA99AC2}.Release|Any CPU.Build.0 = Release|Any CPU
		{A54BDB84-6B69-4B11-B7AD-0F8DCDA99AC2}.Release|iPhone.ActiveCfg = Release|Any CPU
		{A54BDB84-6B69-4B11-B7AD-0F8DCDA99AC2}.Release|iPhone.Build.0 = Release|Any CPU
		{A54BDB84-6B69-4B11-B7AD-0F8DCDA99AC2}.Release|iPhoneSimulator.ActiveCfg = Release|Any CPU
		{A54BDB84-6B69-4B11-B7AD-0F8DCDA99AC2}.Release|iPhoneSimulator.Build.0 = Release|Any CPU
		{4FCACD32-8CBE-4749-A710-54F6020B32CF}.Debug|Any CPU.ActiveCfg = Debug|Any CPU
		{4FCACD32-8CBE-4749-A710-54F6020B32CF}.Debug|Any CPU.Build.0 = Debug|Any CPU
		{4FCACD32-8CBE-4749-A710-54F6020B32CF}.Debug|iPhone.ActiveCfg = Debug|Any CPU
		{4FCACD32-8CBE-4749-A710-54F6020B32CF}.Debug|iPhone.Build.0 = Debug|Any CPU
		{4FCACD32-8CBE-4749-A710-54F6020B32CF}.Debug|iPhoneSimulator.ActiveCfg = Debug|Any CPU
		{4FCACD32-8CBE-4749-A710-54F6020B32CF}.Debug|iPhoneSimulator.Build.0 = Debug|Any CPU
		{4FCACD32-8CBE-4749-A710-54F6020B32CF}.Release|Any CPU.ActiveCfg = Release|Any CPU
		{4FCACD32-8CBE-4749-A710-54F6020B32CF}.Release|Any CPU.Build.0 = Release|Any CPU
		{4FCACD32-8CBE-4749-A710-54F6020B32CF}.Release|iPhone.ActiveCfg = Release|Any CPU
		{4FCACD32-8CBE-4749-A710-54F6020B32CF}.Release|iPhone.Build.0 = Release|Any CPU
		{4FCACD32-8CBE-4749-A710-54F6020B32CF}.Release|iPhoneSimulator.ActiveCfg = Release|Any CPU
		{4FCACD32-8CBE-4749-A710-54F6020B32CF}.Release|iPhoneSimulator.Build.0 = Release|Any CPU
		{4CC8DECC-61B1-48BB-99AF-2E830C5603FB}.Debug|Any CPU.ActiveCfg = Debug|Any CPU
		{4CC8DECC-61B1-48BB-99AF-2E830C5603FB}.Debug|Any CPU.Build.0 = Debug|Any CPU
		{4CC8DECC-61B1-48BB-99AF-2E830C5603FB}.Debug|iPhone.ActiveCfg = Debug|Any CPU
		{4CC8DECC-61B1-48BB-99AF-2E830C5603FB}.Debug|iPhone.Build.0 = Debug|Any CPU
		{4CC8DECC-61B1-48BB-99AF-2E830C5603FB}.Debug|iPhoneSimulator.ActiveCfg = Debug|Any CPU
		{4CC8DECC-61B1-48BB-99AF-2E830C5603FB}.Debug|iPhoneSimulator.Build.0 = Debug|Any CPU
		{4CC8DECC-61B1-48BB-99AF-2E830C5603FB}.Release|Any CPU.ActiveCfg = Release|Any CPU
		{4CC8DECC-61B1-48BB-99AF-2E830C5603FB}.Release|Any CPU.Build.0 = Release|Any CPU
		{4CC8DECC-61B1-48BB-99AF-2E830C5603FB}.Release|iPhone.ActiveCfg = Release|Any CPU
		{4CC8DECC-61B1-48BB-99AF-2E830C5603FB}.Release|iPhone.Build.0 = Release|Any CPU
		{4CC8DECC-61B1-48BB-99AF-2E830C5603FB}.Release|iPhoneSimulator.ActiveCfg = Release|Any CPU
		{4CC8DECC-61B1-48BB-99AF-2E830C5603FB}.Release|iPhoneSimulator.Build.0 = Release|Any CPU
		{EB4CD5E1-6697-4B44-8093-0BAC6569D135}.Debug|Any CPU.ActiveCfg = Debug|Any CPU
		{EB4CD5E1-6697-4B44-8093-0BAC6569D135}.Debug|Any CPU.Build.0 = Debug|Any CPU
		{EB4CD5E1-6697-4B44-8093-0BAC6569D135}.Debug|iPhone.ActiveCfg = Debug|Any CPU
		{EB4CD5E1-6697-4B44-8093-0BAC6569D135}.Debug|iPhone.Build.0 = Debug|Any CPU
		{EB4CD5E1-6697-4B44-8093-0BAC6569D135}.Debug|iPhoneSimulator.ActiveCfg = Debug|Any CPU
		{EB4CD5E1-6697-4B44-8093-0BAC6569D135}.Debug|iPhoneSimulator.Build.0 = Debug|Any CPU
		{EB4CD5E1-6697-4B44-8093-0BAC6569D135}.Release|Any CPU.ActiveCfg = Release|Any CPU
		{EB4CD5E1-6697-4B44-8093-0BAC6569D135}.Release|Any CPU.Build.0 = Release|Any CPU
		{EB4CD5E1-6697-4B44-8093-0BAC6569D135}.Release|iPhone.ActiveCfg = Release|Any CPU
		{EB4CD5E1-6697-4B44-8093-0BAC6569D135}.Release|iPhone.Build.0 = Release|Any CPU
		{EB4CD5E1-6697-4B44-8093-0BAC6569D135}.Release|iPhoneSimulator.ActiveCfg = Release|Any CPU
		{EB4CD5E1-6697-4B44-8093-0BAC6569D135}.Release|iPhoneSimulator.Build.0 = Release|Any CPU
		{8E5A176D-7265-4ABD-BABE-17A71B5FC191}.Debug|Any CPU.ActiveCfg = Debug|Any CPU
		{8E5A176D-7265-4ABD-BABE-17A71B5FC191}.Debug|Any CPU.Build.0 = Debug|Any CPU
		{8E5A176D-7265-4ABD-BABE-17A71B5FC191}.Debug|iPhone.ActiveCfg = Debug|Any CPU
		{8E5A176D-7265-4ABD-BABE-17A71B5FC191}.Debug|iPhone.Build.0 = Debug|Any CPU
		{8E5A176D-7265-4ABD-BABE-17A71B5FC191}.Debug|iPhoneSimulator.ActiveCfg = Debug|Any CPU
		{8E5A176D-7265-4ABD-BABE-17A71B5FC191}.Debug|iPhoneSimulator.Build.0 = Debug|Any CPU
		{8E5A176D-7265-4ABD-BABE-17A71B5FC191}.Release|Any CPU.ActiveCfg = Release|Any CPU
		{8E5A176D-7265-4ABD-BABE-17A71B5FC191}.Release|Any CPU.Build.0 = Release|Any CPU
		{8E5A176D-7265-4ABD-BABE-17A71B5FC191}.Release|iPhone.ActiveCfg = Release|Any CPU
		{8E5A176D-7265-4ABD-BABE-17A71B5FC191}.Release|iPhone.Build.0 = Release|Any CPU
		{8E5A176D-7265-4ABD-BABE-17A71B5FC191}.Release|iPhoneSimulator.ActiveCfg = Release|Any CPU
		{8E5A176D-7265-4ABD-BABE-17A71B5FC191}.Release|iPhoneSimulator.Build.0 = Release|Any CPU
		{68286348-C658-4EFC-B1C3-F10CB2990545}.Debug|Any CPU.ActiveCfg = Debug|Any CPU
		{68286348-C658-4EFC-B1C3-F10CB2990545}.Debug|Any CPU.Build.0 = Debug|Any CPU
		{68286348-C658-4EFC-B1C3-F10CB2990545}.Debug|iPhone.ActiveCfg = Debug|Any CPU
		{68286348-C658-4EFC-B1C3-F10CB2990545}.Debug|iPhone.Build.0 = Debug|Any CPU
		{68286348-C658-4EFC-B1C3-F10CB2990545}.Debug|iPhoneSimulator.ActiveCfg = Debug|Any CPU
		{68286348-C658-4EFC-B1C3-F10CB2990545}.Debug|iPhoneSimulator.Build.0 = Debug|Any CPU
		{68286348-C658-4EFC-B1C3-F10CB2990545}.Release|Any CPU.ActiveCfg = Release|Any CPU
		{68286348-C658-4EFC-B1C3-F10CB2990545}.Release|Any CPU.Build.0 = Release|Any CPU
		{68286348-C658-4EFC-B1C3-F10CB2990545}.Release|iPhone.ActiveCfg = Release|Any CPU
		{68286348-C658-4EFC-B1C3-F10CB2990545}.Release|iPhone.Build.0 = Release|Any CPU
		{68286348-C658-4EFC-B1C3-F10CB2990545}.Release|iPhoneSimulator.ActiveCfg = Release|Any CPU
		{68286348-C658-4EFC-B1C3-F10CB2990545}.Release|iPhoneSimulator.Build.0 = Release|Any CPU
		{C4D61D3A-08FE-4D9F-8454-690C0FB3B731}.Debug|Any CPU.ActiveCfg = Debug|Any CPU
		{C4D61D3A-08FE-4D9F-8454-690C0FB3B731}.Debug|Any CPU.Build.0 = Debug|Any CPU
		{C4D61D3A-08FE-4D9F-8454-690C0FB3B731}.Debug|iPhone.ActiveCfg = Debug|Any CPU
		{C4D61D3A-08FE-4D9F-8454-690C0FB3B731}.Debug|iPhone.Build.0 = Debug|Any CPU
		{C4D61D3A-08FE-4D9F-8454-690C0FB3B731}.Debug|iPhoneSimulator.ActiveCfg = Debug|Any CPU
		{C4D61D3A-08FE-4D9F-8454-690C0FB3B731}.Debug|iPhoneSimulator.Build.0 = Debug|Any CPU
		{C4D61D3A-08FE-4D9F-8454-690C0FB3B731}.Release|Any CPU.ActiveCfg = Release|Any CPU
		{C4D61D3A-08FE-4D9F-8454-690C0FB3B731}.Release|Any CPU.Build.0 = Release|Any CPU
		{C4D61D3A-08FE-4D9F-8454-690C0FB3B731}.Release|iPhone.ActiveCfg = Release|Any CPU
		{C4D61D3A-08FE-4D9F-8454-690C0FB3B731}.Release|iPhone.Build.0 = Release|Any CPU
		{C4D61D3A-08FE-4D9F-8454-690C0FB3B731}.Release|iPhoneSimulator.ActiveCfg = Release|Any CPU
		{C4D61D3A-08FE-4D9F-8454-690C0FB3B731}.Release|iPhoneSimulator.Build.0 = Release|Any CPU
		{22D604FA-BD20-4A59-AEFF-5DF1EC782A9B}.Debug|Any CPU.ActiveCfg = Debug|Any CPU
		{22D604FA-BD20-4A59-AEFF-5DF1EC782A9B}.Debug|Any CPU.Build.0 = Debug|Any CPU
		{22D604FA-BD20-4A59-AEFF-5DF1EC782A9B}.Debug|iPhone.ActiveCfg = Debug|Any CPU
		{22D604FA-BD20-4A59-AEFF-5DF1EC782A9B}.Debug|iPhone.Build.0 = Debug|Any CPU
		{22D604FA-BD20-4A59-AEFF-5DF1EC782A9B}.Debug|iPhoneSimulator.ActiveCfg = Debug|Any CPU
		{22D604FA-BD20-4A59-AEFF-5DF1EC782A9B}.Debug|iPhoneSimulator.Build.0 = Debug|Any CPU
		{22D604FA-BD20-4A59-AEFF-5DF1EC782A9B}.Release|Any CPU.ActiveCfg = Release|Any CPU
		{22D604FA-BD20-4A59-AEFF-5DF1EC782A9B}.Release|Any CPU.Build.0 = Release|Any CPU
		{22D604FA-BD20-4A59-AEFF-5DF1EC782A9B}.Release|iPhone.ActiveCfg = Release|Any CPU
		{22D604FA-BD20-4A59-AEFF-5DF1EC782A9B}.Release|iPhone.Build.0 = Release|Any CPU
		{22D604FA-BD20-4A59-AEFF-5DF1EC782A9B}.Release|iPhoneSimulator.ActiveCfg = Release|Any CPU
		{22D604FA-BD20-4A59-AEFF-5DF1EC782A9B}.Release|iPhoneSimulator.Build.0 = Release|Any CPU
		{9F473D35-97C3-4053-B5A1-DEA34C41D9E4}.Debug|Any CPU.ActiveCfg = Debug|Any CPU
		{9F473D35-97C3-4053-B5A1-DEA34C41D9E4}.Debug|Any CPU.Build.0 = Debug|Any CPU
		{9F473D35-97C3-4053-B5A1-DEA34C41D9E4}.Debug|iPhone.ActiveCfg = Debug|Any CPU
		{9F473D35-97C3-4053-B5A1-DEA34C41D9E4}.Debug|iPhone.Build.0 = Debug|Any CPU
		{9F473D35-97C3-4053-B5A1-DEA34C41D9E4}.Debug|iPhoneSimulator.ActiveCfg = Debug|Any CPU
		{9F473D35-97C3-4053-B5A1-DEA34C41D9E4}.Debug|iPhoneSimulator.Build.0 = Debug|Any CPU
		{9F473D35-97C3-4053-B5A1-DEA34C41D9E4}.Release|Any CPU.ActiveCfg = Release|Any CPU
		{9F473D35-97C3-4053-B5A1-DEA34C41D9E4}.Release|Any CPU.Build.0 = Release|Any CPU
		{9F473D35-97C3-4053-B5A1-DEA34C41D9E4}.Release|iPhone.ActiveCfg = Release|Any CPU
		{9F473D35-97C3-4053-B5A1-DEA34C41D9E4}.Release|iPhone.Build.0 = Release|Any CPU
		{9F473D35-97C3-4053-B5A1-DEA34C41D9E4}.Release|iPhoneSimulator.ActiveCfg = Release|Any CPU
		{9F473D35-97C3-4053-B5A1-DEA34C41D9E4}.Release|iPhoneSimulator.Build.0 = Release|Any CPU
		{64B42A09-56BE-4AB6-A7D7-E81321D0C944}.Debug|Any CPU.ActiveCfg = Debug|Any CPU
		{64B42A09-56BE-4AB6-A7D7-E81321D0C944}.Debug|Any CPU.Build.0 = Debug|Any CPU
		{64B42A09-56BE-4AB6-A7D7-E81321D0C944}.Debug|iPhone.ActiveCfg = Debug|Any CPU
		{64B42A09-56BE-4AB6-A7D7-E81321D0C944}.Debug|iPhone.Build.0 = Debug|Any CPU
		{64B42A09-56BE-4AB6-A7D7-E81321D0C944}.Debug|iPhoneSimulator.ActiveCfg = Debug|Any CPU
		{64B42A09-56BE-4AB6-A7D7-E81321D0C944}.Debug|iPhoneSimulator.Build.0 = Debug|Any CPU
		{64B42A09-56BE-4AB6-A7D7-E81321D0C944}.Release|Any CPU.ActiveCfg = Release|Any CPU
		{64B42A09-56BE-4AB6-A7D7-E81321D0C944}.Release|Any CPU.Build.0 = Release|Any CPU
		{64B42A09-56BE-4AB6-A7D7-E81321D0C944}.Release|iPhone.ActiveCfg = Release|Any CPU
		{64B42A09-56BE-4AB6-A7D7-E81321D0C944}.Release|iPhone.Build.0 = Release|Any CPU
		{64B42A09-56BE-4AB6-A7D7-E81321D0C944}.Release|iPhoneSimulator.ActiveCfg = Release|Any CPU
		{64B42A09-56BE-4AB6-A7D7-E81321D0C944}.Release|iPhoneSimulator.Build.0 = Release|Any CPU
		{F36EC9AF-67D5-49ED-ADE9-E104B64B19A2}.Debug|Any CPU.ActiveCfg = Debug|Any CPU
		{F36EC9AF-67D5-49ED-ADE9-E104B64B19A2}.Debug|Any CPU.Build.0 = Debug|Any CPU
		{F36EC9AF-67D5-49ED-ADE9-E104B64B19A2}.Debug|iPhone.ActiveCfg = Debug|Any CPU
		{F36EC9AF-67D5-49ED-ADE9-E104B64B19A2}.Debug|iPhone.Build.0 = Debug|Any CPU
		{F36EC9AF-67D5-49ED-ADE9-E104B64B19A2}.Debug|iPhoneSimulator.ActiveCfg = Debug|Any CPU
		{F36EC9AF-67D5-49ED-ADE9-E104B64B19A2}.Debug|iPhoneSimulator.Build.0 = Debug|Any CPU
		{F36EC9AF-67D5-49ED-ADE9-E104B64B19A2}.Release|Any CPU.ActiveCfg = Release|Any CPU
		{F36EC9AF-67D5-49ED-ADE9-E104B64B19A2}.Release|Any CPU.Build.0 = Release|Any CPU
		{F36EC9AF-67D5-49ED-ADE9-E104B64B19A2}.Release|iPhone.ActiveCfg = Release|Any CPU
		{F36EC9AF-67D5-49ED-ADE9-E104B64B19A2}.Release|iPhone.Build.0 = Release|Any CPU
		{F36EC9AF-67D5-49ED-ADE9-E104B64B19A2}.Release|iPhoneSimulator.ActiveCfg = Release|Any CPU
		{F36EC9AF-67D5-49ED-ADE9-E104B64B19A2}.Release|iPhoneSimulator.Build.0 = Release|Any CPU
		{2B38C8E1-9D00-4A0E-8B63-A8F672993180}.Debug|Any CPU.ActiveCfg = Debug|Any CPU
		{2B38C8E1-9D00-4A0E-8B63-A8F672993180}.Debug|Any CPU.Build.0 = Debug|Any CPU
		{2B38C8E1-9D00-4A0E-8B63-A8F672993180}.Debug|iPhone.ActiveCfg = Debug|Any CPU
		{2B38C8E1-9D00-4A0E-8B63-A8F672993180}.Debug|iPhone.Build.0 = Debug|Any CPU
		{2B38C8E1-9D00-4A0E-8B63-A8F672993180}.Debug|iPhoneSimulator.ActiveCfg = Debug|Any CPU
		{2B38C8E1-9D00-4A0E-8B63-A8F672993180}.Debug|iPhoneSimulator.Build.0 = Debug|Any CPU
		{2B38C8E1-9D00-4A0E-8B63-A8F672993180}.Release|Any CPU.ActiveCfg = Release|Any CPU
		{2B38C8E1-9D00-4A0E-8B63-A8F672993180}.Release|Any CPU.Build.0 = Release|Any CPU
		{2B38C8E1-9D00-4A0E-8B63-A8F672993180}.Release|iPhone.ActiveCfg = Release|Any CPU
		{2B38C8E1-9D00-4A0E-8B63-A8F672993180}.Release|iPhone.Build.0 = Release|Any CPU
		{2B38C8E1-9D00-4A0E-8B63-A8F672993180}.Release|iPhoneSimulator.ActiveCfg = Release|Any CPU
		{2B38C8E1-9D00-4A0E-8B63-A8F672993180}.Release|iPhoneSimulator.Build.0 = Release|Any CPU
		{402F769B-00AC-4233-ADE9-A845E720A090}.Debug|Any CPU.ActiveCfg = Debug|Any CPU
		{402F769B-00AC-4233-ADE9-A845E720A090}.Debug|Any CPU.Build.0 = Debug|Any CPU
		{402F769B-00AC-4233-ADE9-A845E720A090}.Debug|iPhone.ActiveCfg = Debug|Any CPU
		{402F769B-00AC-4233-ADE9-A845E720A090}.Debug|iPhone.Build.0 = Debug|Any CPU
		{402F769B-00AC-4233-ADE9-A845E720A090}.Debug|iPhoneSimulator.ActiveCfg = Debug|Any CPU
		{402F769B-00AC-4233-ADE9-A845E720A090}.Debug|iPhoneSimulator.Build.0 = Debug|Any CPU
		{402F769B-00AC-4233-ADE9-A845E720A090}.Release|Any CPU.ActiveCfg = Release|Any CPU
		{402F769B-00AC-4233-ADE9-A845E720A090}.Release|Any CPU.Build.0 = Release|Any CPU
		{402F769B-00AC-4233-ADE9-A845E720A090}.Release|iPhone.ActiveCfg = Release|Any CPU
		{402F769B-00AC-4233-ADE9-A845E720A090}.Release|iPhone.Build.0 = Release|Any CPU
		{402F769B-00AC-4233-ADE9-A845E720A090}.Release|iPhoneSimulator.ActiveCfg = Release|Any CPU
		{402F769B-00AC-4233-ADE9-A845E720A090}.Release|iPhoneSimulator.Build.0 = Release|Any CPU
		{4825777C-269A-4DB0-A903-8F76A45BC371}.Debug|Any CPU.ActiveCfg = Debug|Any CPU
		{4825777C-269A-4DB0-A903-8F76A45BC371}.Debug|Any CPU.Build.0 = Debug|Any CPU
		{4825777C-269A-4DB0-A903-8F76A45BC371}.Debug|iPhone.ActiveCfg = Debug|Any CPU
		{4825777C-269A-4DB0-A903-8F76A45BC371}.Debug|iPhone.Build.0 = Debug|Any CPU
		{4825777C-269A-4DB0-A903-8F76A45BC371}.Debug|iPhoneSimulator.ActiveCfg = Debug|Any CPU
		{4825777C-269A-4DB0-A903-8F76A45BC371}.Debug|iPhoneSimulator.Build.0 = Debug|Any CPU
		{4825777C-269A-4DB0-A903-8F76A45BC371}.Release|Any CPU.ActiveCfg = Release|Any CPU
		{4825777C-269A-4DB0-A903-8F76A45BC371}.Release|Any CPU.Build.0 = Release|Any CPU
		{4825777C-269A-4DB0-A903-8F76A45BC371}.Release|iPhone.ActiveCfg = Release|Any CPU
		{4825777C-269A-4DB0-A903-8F76A45BC371}.Release|iPhone.Build.0 = Release|Any CPU
		{4825777C-269A-4DB0-A903-8F76A45BC371}.Release|iPhoneSimulator.ActiveCfg = Release|Any CPU
		{4825777C-269A-4DB0-A903-8F76A45BC371}.Release|iPhoneSimulator.Build.0 = Release|Any CPU
		{960A49E9-2022-4AF8-A730-84E38A47340C}.Debug|Any CPU.ActiveCfg = Debug|Any CPU
		{960A49E9-2022-4AF8-A730-84E38A47340C}.Debug|Any CPU.Build.0 = Debug|Any CPU
		{960A49E9-2022-4AF8-A730-84E38A47340C}.Debug|iPhone.ActiveCfg = Debug|Any CPU
		{960A49E9-2022-4AF8-A730-84E38A47340C}.Debug|iPhone.Build.0 = Debug|Any CPU
		{960A49E9-2022-4AF8-A730-84E38A47340C}.Debug|iPhoneSimulator.ActiveCfg = Debug|Any CPU
		{960A49E9-2022-4AF8-A730-84E38A47340C}.Debug|iPhoneSimulator.Build.0 = Debug|Any CPU
		{960A49E9-2022-4AF8-A730-84E38A47340C}.Release|Any CPU.ActiveCfg = Release|Any CPU
		{960A49E9-2022-4AF8-A730-84E38A47340C}.Release|Any CPU.Build.0 = Release|Any CPU
		{960A49E9-2022-4AF8-A730-84E38A47340C}.Release|iPhone.ActiveCfg = Release|Any CPU
		{960A49E9-2022-4AF8-A730-84E38A47340C}.Release|iPhone.Build.0 = Release|Any CPU
		{960A49E9-2022-4AF8-A730-84E38A47340C}.Release|iPhoneSimulator.ActiveCfg = Release|Any CPU
		{960A49E9-2022-4AF8-A730-84E38A47340C}.Release|iPhoneSimulator.Build.0 = Release|Any CPU
		{1614E6F3-D929-44DA-9057-1B3372FFF4FB}.Debug|Any CPU.ActiveCfg = Debug|Any CPU
		{1614E6F3-D929-44DA-9057-1B3372FFF4FB}.Debug|Any CPU.Build.0 = Debug|Any CPU
		{1614E6F3-D929-44DA-9057-1B3372FFF4FB}.Debug|iPhone.ActiveCfg = Debug|Any CPU
		{1614E6F3-D929-44DA-9057-1B3372FFF4FB}.Debug|iPhone.Build.0 = Debug|Any CPU
		{1614E6F3-D929-44DA-9057-1B3372FFF4FB}.Debug|iPhoneSimulator.ActiveCfg = Debug|Any CPU
		{1614E6F3-D929-44DA-9057-1B3372FFF4FB}.Debug|iPhoneSimulator.Build.0 = Debug|Any CPU
		{1614E6F3-D929-44DA-9057-1B3372FFF4FB}.Release|Any CPU.ActiveCfg = Release|Any CPU
		{1614E6F3-D929-44DA-9057-1B3372FFF4FB}.Release|Any CPU.Build.0 = Release|Any CPU
		{1614E6F3-D929-44DA-9057-1B3372FFF4FB}.Release|iPhone.ActiveCfg = Release|Any CPU
		{1614E6F3-D929-44DA-9057-1B3372FFF4FB}.Release|iPhone.Build.0 = Release|Any CPU
		{1614E6F3-D929-44DA-9057-1B3372FFF4FB}.Release|iPhoneSimulator.ActiveCfg = Release|Any CPU
		{1614E6F3-D929-44DA-9057-1B3372FFF4FB}.Release|iPhoneSimulator.Build.0 = Release|Any CPU
		{542F4309-15ED-4C30-940B-5F260B9C8BA1}.Debug|Any CPU.ActiveCfg = Debug|Any CPU
		{542F4309-15ED-4C30-940B-5F260B9C8BA1}.Debug|Any CPU.Build.0 = Debug|Any CPU
		{542F4309-15ED-4C30-940B-5F260B9C8BA1}.Debug|iPhone.ActiveCfg = Debug|Any CPU
		{542F4309-15ED-4C30-940B-5F260B9C8BA1}.Debug|iPhone.Build.0 = Debug|Any CPU
		{542F4309-15ED-4C30-940B-5F260B9C8BA1}.Debug|iPhoneSimulator.ActiveCfg = Debug|Any CPU
		{542F4309-15ED-4C30-940B-5F260B9C8BA1}.Debug|iPhoneSimulator.Build.0 = Debug|Any CPU
		{542F4309-15ED-4C30-940B-5F260B9C8BA1}.Release|Any CPU.ActiveCfg = Release|Any CPU
		{542F4309-15ED-4C30-940B-5F260B9C8BA1}.Release|Any CPU.Build.0 = Release|Any CPU
		{542F4309-15ED-4C30-940B-5F260B9C8BA1}.Release|iPhone.ActiveCfg = Release|Any CPU
		{542F4309-15ED-4C30-940B-5F260B9C8BA1}.Release|iPhone.Build.0 = Release|Any CPU
		{542F4309-15ED-4C30-940B-5F260B9C8BA1}.Release|iPhoneSimulator.ActiveCfg = Release|Any CPU
		{542F4309-15ED-4C30-940B-5F260B9C8BA1}.Release|iPhoneSimulator.Build.0 = Release|Any CPU
		{486F6871-6FDE-492F-B3C1-DFBF4627656F}.Debug|Any CPU.ActiveCfg = Debug|Any CPU
		{486F6871-6FDE-492F-B3C1-DFBF4627656F}.Debug|Any CPU.Build.0 = Debug|Any CPU
		{486F6871-6FDE-492F-B3C1-DFBF4627656F}.Debug|iPhone.ActiveCfg = Debug|Any CPU
		{486F6871-6FDE-492F-B3C1-DFBF4627656F}.Debug|iPhone.Build.0 = Debug|Any CPU
		{486F6871-6FDE-492F-B3C1-DFBF4627656F}.Debug|iPhoneSimulator.ActiveCfg = Debug|Any CPU
		{486F6871-6FDE-492F-B3C1-DFBF4627656F}.Debug|iPhoneSimulator.Build.0 = Debug|Any CPU
		{486F6871-6FDE-492F-B3C1-DFBF4627656F}.Release|Any CPU.ActiveCfg = Release|Any CPU
		{486F6871-6FDE-492F-B3C1-DFBF4627656F}.Release|Any CPU.Build.0 = Release|Any CPU
		{486F6871-6FDE-492F-B3C1-DFBF4627656F}.Release|iPhone.ActiveCfg = Release|Any CPU
		{486F6871-6FDE-492F-B3C1-DFBF4627656F}.Release|iPhone.Build.0 = Release|Any CPU
		{486F6871-6FDE-492F-B3C1-DFBF4627656F}.Release|iPhoneSimulator.ActiveCfg = Release|Any CPU
		{486F6871-6FDE-492F-B3C1-DFBF4627656F}.Release|iPhoneSimulator.Build.0 = Release|Any CPU
		{646B0B57-CB29-4B51-9186-E2683FE8FA85}.Debug|Any CPU.ActiveCfg = Debug|Any CPU
		{646B0B57-CB29-4B51-9186-E2683FE8FA85}.Debug|Any CPU.Build.0 = Debug|Any CPU
		{646B0B57-CB29-4B51-9186-E2683FE8FA85}.Debug|iPhone.ActiveCfg = Debug|Any CPU
		{646B0B57-CB29-4B51-9186-E2683FE8FA85}.Debug|iPhone.Build.0 = Debug|Any CPU
		{646B0B57-CB29-4B51-9186-E2683FE8FA85}.Debug|iPhoneSimulator.ActiveCfg = Debug|Any CPU
		{646B0B57-CB29-4B51-9186-E2683FE8FA85}.Debug|iPhoneSimulator.Build.0 = Debug|Any CPU
		{646B0B57-CB29-4B51-9186-E2683FE8FA85}.Release|Any CPU.ActiveCfg = Release|Any CPU
		{646B0B57-CB29-4B51-9186-E2683FE8FA85}.Release|Any CPU.Build.0 = Release|Any CPU
		{646B0B57-CB29-4B51-9186-E2683FE8FA85}.Release|iPhone.ActiveCfg = Release|Any CPU
		{646B0B57-CB29-4B51-9186-E2683FE8FA85}.Release|iPhone.Build.0 = Release|Any CPU
		{646B0B57-CB29-4B51-9186-E2683FE8FA85}.Release|iPhoneSimulator.ActiveCfg = Release|Any CPU
		{646B0B57-CB29-4B51-9186-E2683FE8FA85}.Release|iPhoneSimulator.Build.0 = Release|Any CPU
		{6E9D82DD-3CE3-4C17-A310-05555E9A4A8B}.Debug|Any CPU.ActiveCfg = Debug|Any CPU
		{6E9D82DD-3CE3-4C17-A310-05555E9A4A8B}.Debug|Any CPU.Build.0 = Debug|Any CPU
		{6E9D82DD-3CE3-4C17-A310-05555E9A4A8B}.Debug|iPhone.ActiveCfg = Debug|Any CPU
		{6E9D82DD-3CE3-4C17-A310-05555E9A4A8B}.Debug|iPhone.Build.0 = Debug|Any CPU
		{6E9D82DD-3CE3-4C17-A310-05555E9A4A8B}.Debug|iPhoneSimulator.ActiveCfg = Debug|Any CPU
		{6E9D82DD-3CE3-4C17-A310-05555E9A4A8B}.Debug|iPhoneSimulator.Build.0 = Debug|Any CPU
		{6E9D82DD-3CE3-4C17-A310-05555E9A4A8B}.Release|Any CPU.ActiveCfg = Release|Any CPU
		{6E9D82DD-3CE3-4C17-A310-05555E9A4A8B}.Release|Any CPU.Build.0 = Release|Any CPU
		{6E9D82DD-3CE3-4C17-A310-05555E9A4A8B}.Release|iPhone.ActiveCfg = Release|Any CPU
		{6E9D82DD-3CE3-4C17-A310-05555E9A4A8B}.Release|iPhone.Build.0 = Release|Any CPU
		{6E9D82DD-3CE3-4C17-A310-05555E9A4A8B}.Release|iPhoneSimulator.ActiveCfg = Release|Any CPU
		{6E9D82DD-3CE3-4C17-A310-05555E9A4A8B}.Release|iPhoneSimulator.Build.0 = Release|Any CPU
	EndGlobalSection
	GlobalSection(SolutionProperties) = preSolution
		HideSolutionNode = FALSE
	EndGlobalSection
	GlobalSection(NestedProjects) = preSolution
		{835FF4A5-8DD6-414B-AA5F-F66BD8554019} = {4C4D26EE-8999-4432-B1FA-93D4D1E4EAE7}
		{202315D3-716A-4CE9-A77E-1C4D4ED090B1} = {4C4D26EE-8999-4432-B1FA-93D4D1E4EAE7}
		{60578B29-1AB4-445E-89A8-0CEA3DD52D1E} = {4C4D26EE-8999-4432-B1FA-93D4D1E4EAE7}
		{63B5EFF4-93FA-436C-B283-5F51B8A9E172} = {202315D3-716A-4CE9-A77E-1C4D4ED090B1}
		{12BB791B-96B2-43D9-8E3E-821B17CD376B} = {4C4D26EE-8999-4432-B1FA-93D4D1E4EAE7}
		{9C488B6E-4F3A-4A9C-AEEA-E5600F632E8E} = {317F1F20-2EF8-4A68-9963-FC0D6CDFE53B}
		{9A142C2A-2700-468D-9428-70682F36852D} = {4C4D26EE-8999-4432-B1FA-93D4D1E4EAE7}
		{B05EA210-AE11-494B-B7A2-08608883DF07} = {60578B29-1AB4-445E-89A8-0CEA3DD52D1E}
		{44FC5F78-6188-44B3-A440-E139F6821509} = {4C4D26EE-8999-4432-B1FA-93D4D1E4EAE7}
		{2E44B69B-5D59-49F6-85BD-C72238FAFC08} = {4C4D26EE-8999-4432-B1FA-93D4D1E4EAE7}
		{42060DED-2EB7-4F9A-836E-C1157D94D65E} = {4C4D26EE-8999-4432-B1FA-93D4D1E4EAE7}
		{BA1A8EBF-F9D4-42B3-897D-0D92ADE37B50} = {20453DD1-9E7E-45A9-B0B4-151BB37D620F}
		{FA7A3DC0-6351-4A1F-88B7-55CEC75336DB} = {4C4D26EE-8999-4432-B1FA-93D4D1E4EAE7}
		{96BF0FCF-4D03-452E-993C-076638B14EB6} = {4C4D26EE-8999-4432-B1FA-93D4D1E4EAE7}
		{68A23B8B-BA9C-44C4-BCE1-C86D906DF5CF} = {835FF4A5-8DD6-414B-AA5F-F66BD8554019}
		{28B5BFC5-CE79-4806-A239-43EEA11A2AC6} = {835FF4A5-8DD6-414B-AA5F-F66BD8554019}
		{AF0C63A1-2749-4F6D-820F-FDE7FF294B9D} = {835FF4A5-8DD6-414B-AA5F-F66BD8554019}
		{124B5FE1-F174-44E1-B329-55432F366F76} = {835FF4A5-8DD6-414B-AA5F-F66BD8554019}
		{A8794289-6E80-4768-950F-058422A9282B} = {835FF4A5-8DD6-414B-AA5F-F66BD8554019}
		{48771B66-66D7-4BF8-AD9C-A7586D00D25A} = {835FF4A5-8DD6-414B-AA5F-F66BD8554019}
		{B11BBFBD-A07B-4EB6-B065-45706D83BBF7} = {835FF4A5-8DD6-414B-AA5F-F66BD8554019}
		{C300DF37-347A-44D4-81A0-A7C1871ABA5C} = {4C4D26EE-8999-4432-B1FA-93D4D1E4EAE7}
		{040C8736-2970-4F58-8FAD-EC318A59B25E} = {4C4D26EE-8999-4432-B1FA-93D4D1E4EAE7}
		{2A7010FC-67BA-4879-B68A-4B2FF917CF68} = {4C4D26EE-8999-4432-B1FA-93D4D1E4EAE7}
		{530B9838-CAFD-4C14-819D-F9A1736F18DA} = {4C4D26EE-8999-4432-B1FA-93D4D1E4EAE7}
		{8FFCF182-A7DA-4BAD-AA04-3CEEF39C3C79} = {835FF4A5-8DD6-414B-AA5F-F66BD8554019}
		{085F0420-F738-4AF3-A5FE-FE434D954814} = {835FF4A5-8DD6-414B-AA5F-F66BD8554019}
		{FF03BF85-263A-4A9C-9A6F-94FAB54187E9} = {8C2C3215-C1EF-4F75-BCBA-B3390A801D63}
		{6F983773-DB6E-439C-8338-53153BC648EB} = {A6204550-0C58-4E21-A11B-B2E870DB13FC}
		{09A90182-453E-423F-9098-3E031A34635F} = {A6204550-0C58-4E21-A11B-B2E870DB13FC}
		{115A4A3A-D748-4B74-AB9D-5CD91AEC9064} = {A6204550-0C58-4E21-A11B-B2E870DB13FC}
		{95C9B2E0-9689-405D-9A33-9B08B5F4C860} = {A6204550-0C58-4E21-A11B-B2E870DB13FC}
		{8829C289-976D-4FE3-B847-F7336B763DC2} = {A6204550-0C58-4E21-A11B-B2E870DB13FC}
		{764B508F-38A6-42CF-82B3-8EA17007467D} = {A6204550-0C58-4E21-A11B-B2E870DB13FC}
		{484E6711-1F89-42E1-A8C7-A8F73F2C28E3} = {A6204550-0C58-4E21-A11B-B2E870DB13FC}
		{E31B1008-85AC-4BAE-9583-FCF0108B33B5} = {A6204550-0C58-4E21-A11B-B2E870DB13FC}
		{0E170275-773E-403B-A184-87C46500B6B6} = {A6204550-0C58-4E21-A11B-B2E870DB13FC}
		{C7D11F1A-CF31-414D-9B17-947C07615900} = {A6204550-0C58-4E21-A11B-B2E870DB13FC}
		{59E3C85D-10B3-4295-B393-DC3182CD156F} = {A6204550-0C58-4E21-A11B-B2E870DB13FC}
		{8613D25A-6835-4184-B195-74A24D56DFC5} = {A6204550-0C58-4E21-A11B-B2E870DB13FC}
		{0191CEA9-96FF-42D3-9A28-D1ADE5610A6B} = {A6204550-0C58-4E21-A11B-B2E870DB13FC}
		{C713C186-128F-46F9-9C10-44D8DF0178DC} = {8C2C3215-C1EF-4F75-BCBA-B3390A801D63}
		{682774ED-9962-4284-A83F-04A7664E9B19} = {8C2C3215-C1EF-4F75-BCBA-B3390A801D63}
		{A54BDB84-6B69-4B11-B7AD-0F8DCDA99AC2} = {8C2C3215-C1EF-4F75-BCBA-B3390A801D63}
		{4FCACD32-8CBE-4749-A710-54F6020B32CF} = {8C2C3215-C1EF-4F75-BCBA-B3390A801D63}
		{8C2C3215-C1EF-4F75-BCBA-B3390A801D63} = {A6204550-0C58-4E21-A11B-B2E870DB13FC}
		{4CC8DECC-61B1-48BB-99AF-2E830C5603FB} = {8C2C3215-C1EF-4F75-BCBA-B3390A801D63}
		{EB4CD5E1-6697-4B44-8093-0BAC6569D135} = {835FF4A5-8DD6-414B-AA5F-F66BD8554019}
		{A563B135-F23F-4189-AB7C-D5DD60895587} = {A6204550-0C58-4E21-A11B-B2E870DB13FC}
		{8E5A176D-7265-4ABD-BABE-17A71B5FC191} = {A563B135-F23F-4189-AB7C-D5DD60895587}
		{68286348-C658-4EFC-B1C3-F10CB2990545} = {A563B135-F23F-4189-AB7C-D5DD60895587}
		{C4D61D3A-08FE-4D9F-8454-690C0FB3B731} = {A563B135-F23F-4189-AB7C-D5DD60895587}
		{22D604FA-BD20-4A59-AEFF-5DF1EC782A9B} = {4C4D26EE-8999-4432-B1FA-93D4D1E4EAE7}
		{9F473D35-97C3-4053-B5A1-DEA34C41D9E4} = {835FF4A5-8DD6-414B-AA5F-F66BD8554019}
		{64B42A09-56BE-4AB6-A7D7-E81321D0C944} = {317F1F20-2EF8-4A68-9963-FC0D6CDFE53B}
		{F36EC9AF-67D5-49ED-ADE9-E104B64B19A2} = {317F1F20-2EF8-4A68-9963-FC0D6CDFE53B}
		{2B38C8E1-9D00-4A0E-8B63-A8F672993180} = {317F1F20-2EF8-4A68-9963-FC0D6CDFE53B}
		{402F769B-00AC-4233-ADE9-A845E720A090} = {317F1F20-2EF8-4A68-9963-FC0D6CDFE53B}
		{4825777C-269A-4DB0-A903-8F76A45BC371} = {4C4D26EE-8999-4432-B1FA-93D4D1E4EAE7}
		{960A49E9-2022-4AF8-A730-84E38A47340C} = {4C4D26EE-8999-4432-B1FA-93D4D1E4EAE7}
		{1614E6F3-D929-44DA-9057-1B3372FFF4FB} = {835FF4A5-8DD6-414B-AA5F-F66BD8554019}
		{542F4309-15ED-4C30-940B-5F260B9C8BA1} = {4C4D26EE-8999-4432-B1FA-93D4D1E4EAE7}
		{486F6871-6FDE-492F-B3C1-DFBF4627656F} = {4C4D26EE-8999-4432-B1FA-93D4D1E4EAE7}
		{646B0B57-CB29-4B51-9186-E2683FE8FA85} = {4C4D26EE-8999-4432-B1FA-93D4D1E4EAE7}
		{6E9D82DD-3CE3-4C17-A310-05555E9A4A8B} = {4C4D26EE-8999-4432-B1FA-93D4D1E4EAE7}
	EndGlobalSection
	GlobalSection(ExtensibilityGlobals) = postSolution
		SolutionGuid = {F41B5726-C69A-4051-BCCA-02739CF0EECC}
	EndGlobalSection
EndGlobal
