
Microsoft Visual Studio Solution File, Format Version 12.00
# Visual Studio 15
VisualStudioVersion = 15.0.26228.10
MinimumVisualStudioVersion = 10.0.40219.1
Project("{FAE04EC0-301F-11D3-BF4B-00C04F79EFBC}") = "Remembrance.DAL", "Remembrance.DAL\Remembrance.DAL.csproj", "{AEA2E53B-FA60-40EB-BEC2-E48990D09BA0}"
EndProject
Project("{FAE04EC0-301F-11D3-BF4B-00C04F79EFBC}") = "Remembrance.Resources", "Remembrance.Resources\Remembrance.Resources.csproj", "{0E8CE927-1859-41A0-971A-DE6425AC6852}"
EndProject
Project("{FAE04EC0-301F-11D3-BF4B-00C04F79EFBC}") = "Remembrance.Installer", "Remembrance.Installer\Remembrance.Installer.csproj", "{A2E7DAAE-8DF9-42AE-A433-8810248A0E26}"
	ProjectSection(ProjectDependencies) = postProject
		{6F4F5769-673C-436C-9F84-0CAFAF21AA30} = {6F4F5769-673C-436C-9F84-0CAFAF21AA30}
	EndProjectSection
EndProject
Project("{FAE04EC0-301F-11D3-BF4B-00C04F79EFBC}") = "Remembrance.WebApi", "Remembrance.WebApi\Remembrance.WebApi.csproj", "{14958824-6559-4EDE-9954-42E5A22B2144}"
EndProject
Project("{FAE04EC0-301F-11D3-BF4B-00C04F79EFBC}") = "Remembrance", "Remembrance\Remembrance.csproj", "{6F4F5769-673C-436C-9F84-0CAFAF21AA30}"
EndProject
Project("{FAE04EC0-301F-11D3-BF4B-00C04F79EFBC}") = "Remembrance.Installer.UI", "Remembrance.Installer.UI\Remembrance.Installer.UI.csproj", "{F99FFE25-B2D3-4FD3-A25B-BBC554CD815A}"
	ProjectSection(ProjectDependencies) = postProject
		{A2E7DAAE-8DF9-42AE-A433-8810248A0E26} = {A2E7DAAE-8DF9-42AE-A433-8810248A0E26}
	EndProjectSection
EndProject
Project("{FAE04EC0-301F-11D3-BF4B-00C04F79EFBC}") = "Remembrance.ViewModel", "Remembrance.ViewModel\Remembrance.ViewModel.csproj", "{75074E3A-94AF-42CA-B90A-B1F194D7D812}"
EndProject
Project("{FAE04EC0-301F-11D3-BF4B-00C04F79EFBC}") = "Remembrance.Contracts", "Remembrance.Contracts\Remembrance.Contracts.csproj", "{A4DAD214-A08F-4A0E-8E26-F7FBCDA801FE}"
EndProject
Project("{FAE04EC0-301F-11D3-BF4B-00C04F79EFBC}") = "Remembrance.View", "Remembrance.View\Remembrance.View.csproj", "{1C3ECD88-7B1A-4513-B3E9-3474588BEC8D}"
EndProject
Project("{FAE04EC0-301F-11D3-BF4B-00C04F79EFBC}") = "Remembrance.Core", "Remembrance.Core\Remembrance.Core.csproj", "{A10C7E6D-D616-4B99-8BB2-A43035346099}"
EndProject
Global
	GlobalSection(SolutionConfigurationPlatforms) = preSolution
		Debug|Any CPU = Debug|Any CPU
		Release|Any CPU = Release|Any CPU
	EndGlobalSection
	GlobalSection(ProjectConfigurationPlatforms) = postSolution
		{AEA2E53B-FA60-40EB-BEC2-E48990D09BA0}.Debug|Any CPU.ActiveCfg = Debug|Any CPU
		{AEA2E53B-FA60-40EB-BEC2-E48990D09BA0}.Debug|Any CPU.Build.0 = Debug|Any CPU
		{AEA2E53B-FA60-40EB-BEC2-E48990D09BA0}.Release|Any CPU.ActiveCfg = Release|Any CPU
		{AEA2E53B-FA60-40EB-BEC2-E48990D09BA0}.Release|Any CPU.Build.0 = Release|Any CPU
		{0E8CE927-1859-41A0-971A-DE6425AC6852}.Debug|Any CPU.ActiveCfg = Debug|Any CPU
		{0E8CE927-1859-41A0-971A-DE6425AC6852}.Debug|Any CPU.Build.0 = Debug|Any CPU
		{0E8CE927-1859-41A0-971A-DE6425AC6852}.Release|Any CPU.ActiveCfg = Release|Any CPU
		{0E8CE927-1859-41A0-971A-DE6425AC6852}.Release|Any CPU.Build.0 = Release|Any CPU
		{A2E7DAAE-8DF9-42AE-A433-8810248A0E26}.Debug|Any CPU.ActiveCfg = Debug|Any CPU
		{A2E7DAAE-8DF9-42AE-A433-8810248A0E26}.Debug|Any CPU.Build.0 = Debug|Any CPU
		{A2E7DAAE-8DF9-42AE-A433-8810248A0E26}.Release|Any CPU.ActiveCfg = Release|Any CPU
		{A2E7DAAE-8DF9-42AE-A433-8810248A0E26}.Release|Any CPU.Build.0 = Release|Any CPU
		{14958824-6559-4EDE-9954-42E5A22B2144}.Debug|Any CPU.ActiveCfg = Debug|Any CPU
		{14958824-6559-4EDE-9954-42E5A22B2144}.Debug|Any CPU.Build.0 = Debug|Any CPU
		{14958824-6559-4EDE-9954-42E5A22B2144}.Release|Any CPU.ActiveCfg = Release|Any CPU
		{14958824-6559-4EDE-9954-42E5A22B2144}.Release|Any CPU.Build.0 = Release|Any CPU
		{6F4F5769-673C-436C-9F84-0CAFAF21AA30}.Debug|Any CPU.ActiveCfg = Debug|Any CPU
		{6F4F5769-673C-436C-9F84-0CAFAF21AA30}.Debug|Any CPU.Build.0 = Debug|Any CPU
		{6F4F5769-673C-436C-9F84-0CAFAF21AA30}.Release|Any CPU.ActiveCfg = Release|Any CPU
		{6F4F5769-673C-436C-9F84-0CAFAF21AA30}.Release|Any CPU.Build.0 = Release|Any CPU
		{F99FFE25-B2D3-4FD3-A25B-BBC554CD815A}.Debug|Any CPU.ActiveCfg = Debug|Any CPU
		{F99FFE25-B2D3-4FD3-A25B-BBC554CD815A}.Debug|Any CPU.Build.0 = Debug|Any CPU
		{F99FFE25-B2D3-4FD3-A25B-BBC554CD815A}.Release|Any CPU.ActiveCfg = Release|Any CPU
		{F99FFE25-B2D3-4FD3-A25B-BBC554CD815A}.Release|Any CPU.Build.0 = Release|Any CPU
		{75074E3A-94AF-42CA-B90A-B1F194D7D812}.Debug|Any CPU.ActiveCfg = Debug|Any CPU
		{75074E3A-94AF-42CA-B90A-B1F194D7D812}.Debug|Any CPU.Build.0 = Debug|Any CPU
		{75074E3A-94AF-42CA-B90A-B1F194D7D812}.Release|Any CPU.ActiveCfg = Release|Any CPU
		{75074E3A-94AF-42CA-B90A-B1F194D7D812}.Release|Any CPU.Build.0 = Release|Any CPU
		{A4DAD214-A08F-4A0E-8E26-F7FBCDA801FE}.Debug|Any CPU.ActiveCfg = Debug|Any CPU
		{A4DAD214-A08F-4A0E-8E26-F7FBCDA801FE}.Debug|Any CPU.Build.0 = Debug|Any CPU
		{A4DAD214-A08F-4A0E-8E26-F7FBCDA801FE}.Release|Any CPU.ActiveCfg = Release|Any CPU
		{A4DAD214-A08F-4A0E-8E26-F7FBCDA801FE}.Release|Any CPU.Build.0 = Release|Any CPU
		{1C3ECD88-7B1A-4513-B3E9-3474588BEC8D}.Debug|Any CPU.ActiveCfg = Debug|Any CPU
		{1C3ECD88-7B1A-4513-B3E9-3474588BEC8D}.Debug|Any CPU.Build.0 = Debug|Any CPU
		{1C3ECD88-7B1A-4513-B3E9-3474588BEC8D}.Release|Any CPU.ActiveCfg = Release|Any CPU
		{1C3ECD88-7B1A-4513-B3E9-3474588BEC8D}.Release|Any CPU.Build.0 = Release|Any CPU
		{A10C7E6D-D616-4B99-8BB2-A43035346099}.Debug|Any CPU.ActiveCfg = Debug|Any CPU
		{A10C7E6D-D616-4B99-8BB2-A43035346099}.Debug|Any CPU.Build.0 = Debug|Any CPU
		{A10C7E6D-D616-4B99-8BB2-A43035346099}.Release|Any CPU.ActiveCfg = Release|Any CPU
		{A10C7E6D-D616-4B99-8BB2-A43035346099}.Release|Any CPU.Build.0 = Release|Any CPU
	EndGlobalSection
	GlobalSection(SolutionProperties) = preSolution
		HideSolutionNode = FALSE
	EndGlobalSection
EndGlobal
