
Microsoft Visual Studio Solution File, Format Version 12.00
# Visual Studio 15
VisualStudioVersion = 15.0.26020.0
MinimumVisualStudioVersion = 10.0.40219.1
Project("{FAE04EC0-301F-11D3-BF4B-00C04F79EFBC}") = "Remembrance.DAL", "Remembrance.DAL\Remembrance.DAL.csproj", "{AEA2E53B-FA60-40EB-BEC2-E48990D09BA0}"
EndProject
Project("{FAE04EC0-301F-11D3-BF4B-00C04F79EFBC}") = "Remembrance.Translate.Contracts", "Remembrance.Translate.Contracts\Remembrance.Translate.Contracts.csproj", "{49CAA383-F68F-4105-ABAE-869D71F0D783}"
EndProject
Project("{FAE04EC0-301F-11D3-BF4B-00C04F79EFBC}") = "Remembrance.Resources", "Remembrance.Resources\Remembrance.Resources.csproj", "{0E8CE927-1859-41A0-971A-DE6425AC6852}"
EndProject
Project("{FAE04EC0-301F-11D3-BF4B-00C04F79EFBC}") = "Remembrance.Translate.Yandex", "Remembrance.Translate.Yandex\Remembrance.Translate.Yandex.csproj", "{1FA9CAC8-4037-4781-AD36-3A515470AA8C}"
EndProject
Project("{FAE04EC0-301F-11D3-BF4B-00C04F79EFBC}") = "Remembrance.TypeAdapter", "Remembrance.TypeAdapter\Remembrance.TypeAdapter.csproj", "{57152DA4-C73F-4697-8CB7-62CE3CE24797}"
EndProject
Project("{FAE04EC0-301F-11D3-BF4B-00C04F79EFBC}") = "Remembrance.TypeAdapter.Contracts", "Remembrance.TypeAdapter.Contracts\Remembrance.TypeAdapter.Contracts.csproj", "{BF7D2FDC-779F-42C5-B5AB-B5617EAB3DAC}"
EndProject
Project("{FAE04EC0-301F-11D3-BF4B-00C04F79EFBC}") = "Remembrance.Settings.ViewModel", "Remembrance.Settings.ViewModel\Remembrance.Settings.ViewModel.csproj", "{DF08286C-C5AD-4448-B300-FD9604CB82AA}"
EndProject
Project("{FAE04EC0-301F-11D3-BF4B-00C04F79EFBC}") = "Remembrance.Settings.View.Contracts", "Remembrance.Settings.View.Contracts\Remembrance.Settings.View.Contracts.csproj", "{D6A06ED6-A8AE-4018-A9DA-CDAC13A42912}"
EndProject
Project("{FAE04EC0-301F-11D3-BF4B-00C04F79EFBC}") = "Scar.Common", "..\Common\Scar.Common\Scar.Common.csproj", "{D6C314D5-F126-4FEC-BD4D-4E6725786FA9}"
EndProject
Project("{FAE04EC0-301F-11D3-BF4B-00C04F79EFBC}") = "Scar.Common.Logging", "..\Common\Scar.Common.Logging\Scar.Common.Logging.csproj", "{A3B13172-488A-4EBD-AFC7-67E4FC59DF65}"
EndProject
Project("{FAE04EC0-301F-11D3-BF4B-00C04F79EFBC}") = "Scar.Common.WPF", "..\Common\Scar.Common.WPF\Scar.Common.WPF.csproj", "{B6EB82BA-2A0E-4855-9A17-F5FAB9616355}"
EndProject
Project("{FAE04EC0-301F-11D3-BF4B-00C04F79EFBC}") = "Scar.Common.Installer", "..\Common\Scar.Common.Installer\Scar.Common.Installer.csproj", "{2B8B9221-628C-4A32-AB3B-61A1B59DCF85}"
EndProject
Project("{FAE04EC0-301F-11D3-BF4B-00C04F79EFBC}") = "Remembrance.Installer", "Remembrance.Installer\Remembrance.Installer.csproj", "{A2E7DAAE-8DF9-42AE-A433-8810248A0E26}"
	ProjectSection(ProjectDependencies) = postProject
		{6F4F5769-673C-436C-9F84-0CAFAF21AA30} = {6F4F5769-673C-436C-9F84-0CAFAF21AA30}
	EndProjectSection
EndProject
Project("{FAE04EC0-301F-11D3-BF4B-00C04F79EFBC}") = "Remembrance.Settings.View", "Remembrance.Settings.View\Remembrance.Settings.View.csproj", "{932314DA-0883-4B24-86F9-5888B3214BF5}"
EndProject
Project("{FAE04EC0-301F-11D3-BF4B-00C04F79EFBC}") = "Remembrance.Card.ViewModel", "Remembrance.Card.ViewModel\Remembrance.Card.ViewModel.csproj", "{75074E3A-94AF-42CA-B90A-B1F194D7D812}"
EndProject
Project("{FAE04EC0-301F-11D3-BF4B-00C04F79EFBC}") = "Remembrance.Card.View", "Remembrance.Card.View\Remembrance.Card.View.csproj", "{1C3ECD88-7B1A-4513-B3E9-3474588BEC8D}"
EndProject
Project("{FAE04EC0-301F-11D3-BF4B-00C04F79EFBC}") = "Remembrance.Card.View.Contracts", "Remembrance.Card.View.Contracts\Remembrance.Card.View.Contracts.csproj", "{A4DAD214-A08F-4A0E-8E26-F7FBCDA801FE}"
EndProject
Project("{FAE04EC0-301F-11D3-BF4B-00C04F79EFBC}") = "Remembrance.Card.Management", "Remembrance.Card.Management\Remembrance.Card.Management.csproj", "{A10C7E6D-D616-4B99-8BB2-A43035346099}"
EndProject
Project("{FAE04EC0-301F-11D3-BF4B-00C04F79EFBC}") = "Remembrance.WebApi", "Remembrance.WebApi\Remembrance.WebApi.csproj", "{14958824-6559-4EDE-9954-42E5A22B2144}"
EndProject
Project("{FAE04EC0-301F-11D3-BF4B-00C04F79EFBC}") = "Remembrance.DAL.Contracts", "Remembrance.DAL.Contracts\Remembrance.DAL.Contracts.csproj", "{D6F29365-32E8-4EBA-B202-A1F96013F76F}"
EndProject
Project("{FAE04EC0-301F-11D3-BF4B-00C04F79EFBC}") = "Remembrance.Card.ViewModel.Contracts", "Remembrance.Card.ViewModel.Contracts\Remembrance.Card.ViewModel.Contracts.csproj", "{9270FB5C-129F-447C-A4EA-A7E24F2B9D4C}"
EndProject
Project("{FAE04EC0-301F-11D3-BF4B-00C04F79EFBC}") = "Remembrance.Settings.ViewModel.Contracts", "Remembrance.Settings.ViewModel.Contracts\Remembrance.Settings.ViewModel.Contracts.csproj", "{7E9D21F9-B748-479E-83A2-E8665C1A37E6}"
EndProject
Project("{FAE04EC0-301F-11D3-BF4B-00C04F79EFBC}") = "Scar.Common.WPF.Xceed", "..\Common\Scar.Common.WPF.Xceed\Scar.Common.WPF.Xceed.csproj", "{CDB110BA-CE3B-49A7-9A22-705A75DB11D6}"
EndProject
Project("{FAE04EC0-301F-11D3-BF4B-00C04F79EFBC}") = "Remembrance.WebApi.Contracts", "Remembrance.WebApi.Contracts\Remembrance.WebApi.Contracts.csproj", "{406164E6-E234-4B8A-AECF-18BB15DAA876}"
EndProject
Project("{FAE04EC0-301F-11D3-BF4B-00C04F79EFBC}") = "Remembrance.Card.Management.Contracts", "Remembrance.Card.Management.Contracts\Remembrance.Card.Management.Contracts.csproj", "{4757AF83-9C03-4CEC-AEEC-A7C0AB08BA1A}"
EndProject
Project("{FAE04EC0-301F-11D3-BF4B-00C04F79EFBC}") = "Scar.Common.Installer.UI", "..\Common\Scar.Common.Installer.UI\Scar.Common.Installer.UI.csproj", "{7752B8F1-8020-4E20-B5E7-EEED28209047}"
EndProject
Project("{FAE04EC0-301F-11D3-BF4B-00C04F79EFBC}") = "Remembrance", "Remembrance\Remembrance.csproj", "{6F4F5769-673C-436C-9F84-0CAFAF21AA30}"
EndProject
Project("{FAE04EC0-301F-11D3-BF4B-00C04F79EFBC}") = "Scar.Common.IO", "..\Common\Scar.Common.IO\Scar.Common.IO.csproj", "{A1CBB589-FECD-47C2-A9A8-084B3FF943DA}"
EndProject
Project("{FAE04EC0-301F-11D3-BF4B-00C04F79EFBC}") = "Scar.Common.WPF.Localization", "..\Common\Scar.Common.WPF.Localization\Scar.Common.WPF.Localization.csproj", "{8082A9E1-E32D-4650-A551-B43E7D1B2C1D}"
EndProject
Project("{FAE04EC0-301F-11D3-BF4B-00C04F79EFBC}") = "Remembrance.Installer.UI", "Remembrance.Installer.UI\Remembrance.Installer.UI.csproj", "{F99FFE25-B2D3-4FD3-A25B-BBC554CD815A}"
	ProjectSection(ProjectDependencies) = postProject
		{A2E7DAAE-8DF9-42AE-A433-8810248A0E26} = {A2E7DAAE-8DF9-42AE-A433-8810248A0E26}
	EndProjectSection
EndProject
Project("{FAE04EC0-301F-11D3-BF4B-00C04F79EFBC}") = "Remembrance.Domain", "Remembrance.Domain\Remembrance.Domain.csproj", "{4DA2D198-B14D-43CA-8153-7508A638C3D5}"
EndProject
Project("{FAE04EC0-301F-11D3-BF4B-00C04F79EFBC}") = "Scar.Common.EventSourcing", "..\Common\Scar.Common.EventSourcing\Scar.Common.EventSourcing.csproj", "{1DA1F99A-7034-416C-9A9D-81C5213BF908}"
EndProject
Global
	GlobalSection(SolutionConfigurationPlatforms) = preSolution
		Debug|Any CPU = Debug|Any CPU
		Release|Any CPU = Release|Any CPU
	EndGlobalSection
	GlobalSection(ProjectConfigurationPlatforms) = postSolution
		{AEA2E53B-FA60-40EB-BEC2-E48990D09BA0}.Debug|Any CPU.ActiveCfg = Debug|Any CPU
		{AEA2E53B-FA60-40EB-BEC2-E48990D09BA0}.Debug|Any CPU.Build.0 = Debug|Any CPU
		{AEA2E53B-FA60-40EB-BEC2-E48990D09BA0}.Release|Any CPU.ActiveCfg = Release|Any CPU
		{AEA2E53B-FA60-40EB-BEC2-E48990D09BA0}.Release|Any CPU.Build.0 = Release|Any CPU
		{49CAA383-F68F-4105-ABAE-869D71F0D783}.Debug|Any CPU.ActiveCfg = Debug|Any CPU
		{49CAA383-F68F-4105-ABAE-869D71F0D783}.Debug|Any CPU.Build.0 = Debug|Any CPU
		{49CAA383-F68F-4105-ABAE-869D71F0D783}.Release|Any CPU.ActiveCfg = Release|Any CPU
		{49CAA383-F68F-4105-ABAE-869D71F0D783}.Release|Any CPU.Build.0 = Release|Any CPU
		{0E8CE927-1859-41A0-971A-DE6425AC6852}.Debug|Any CPU.ActiveCfg = Debug|Any CPU
		{0E8CE927-1859-41A0-971A-DE6425AC6852}.Debug|Any CPU.Build.0 = Debug|Any CPU
		{0E8CE927-1859-41A0-971A-DE6425AC6852}.Release|Any CPU.ActiveCfg = Release|Any CPU
		{0E8CE927-1859-41A0-971A-DE6425AC6852}.Release|Any CPU.Build.0 = Release|Any CPU
		{1FA9CAC8-4037-4781-AD36-3A515470AA8C}.Debug|Any CPU.ActiveCfg = Debug|Any CPU
		{1FA9CAC8-4037-4781-AD36-3A515470AA8C}.Debug|Any CPU.Build.0 = Debug|Any CPU
		{1FA9CAC8-4037-4781-AD36-3A515470AA8C}.Release|Any CPU.ActiveCfg = Release|Any CPU
		{1FA9CAC8-4037-4781-AD36-3A515470AA8C}.Release|Any CPU.Build.0 = Release|Any CPU
		{57152DA4-C73F-4697-8CB7-62CE3CE24797}.Debug|Any CPU.ActiveCfg = Debug|Any CPU
		{57152DA4-C73F-4697-8CB7-62CE3CE24797}.Debug|Any CPU.Build.0 = Debug|Any CPU
		{57152DA4-C73F-4697-8CB7-62CE3CE24797}.Release|Any CPU.ActiveCfg = Release|Any CPU
		{57152DA4-C73F-4697-8CB7-62CE3CE24797}.Release|Any CPU.Build.0 = Release|Any CPU
		{BF7D2FDC-779F-42C5-B5AB-B5617EAB3DAC}.Debug|Any CPU.ActiveCfg = Debug|Any CPU
		{BF7D2FDC-779F-42C5-B5AB-B5617EAB3DAC}.Debug|Any CPU.Build.0 = Debug|Any CPU
		{BF7D2FDC-779F-42C5-B5AB-B5617EAB3DAC}.Release|Any CPU.ActiveCfg = Release|Any CPU
		{BF7D2FDC-779F-42C5-B5AB-B5617EAB3DAC}.Release|Any CPU.Build.0 = Release|Any CPU
		{DF08286C-C5AD-4448-B300-FD9604CB82AA}.Debug|Any CPU.ActiveCfg = Debug|Any CPU
		{DF08286C-C5AD-4448-B300-FD9604CB82AA}.Debug|Any CPU.Build.0 = Debug|Any CPU
		{DF08286C-C5AD-4448-B300-FD9604CB82AA}.Release|Any CPU.ActiveCfg = Release|Any CPU
		{DF08286C-C5AD-4448-B300-FD9604CB82AA}.Release|Any CPU.Build.0 = Release|Any CPU
		{D6A06ED6-A8AE-4018-A9DA-CDAC13A42912}.Debug|Any CPU.ActiveCfg = Debug|Any CPU
		{D6A06ED6-A8AE-4018-A9DA-CDAC13A42912}.Debug|Any CPU.Build.0 = Debug|Any CPU
		{D6A06ED6-A8AE-4018-A9DA-CDAC13A42912}.Release|Any CPU.ActiveCfg = Release|Any CPU
		{D6A06ED6-A8AE-4018-A9DA-CDAC13A42912}.Release|Any CPU.Build.0 = Release|Any CPU
		{D6C314D5-F126-4FEC-BD4D-4E6725786FA9}.Debug|Any CPU.ActiveCfg = Debug|Any CPU
		{D6C314D5-F126-4FEC-BD4D-4E6725786FA9}.Debug|Any CPU.Build.0 = Debug|Any CPU
		{D6C314D5-F126-4FEC-BD4D-4E6725786FA9}.Release|Any CPU.ActiveCfg = Release|Any CPU
		{D6C314D5-F126-4FEC-BD4D-4E6725786FA9}.Release|Any CPU.Build.0 = Release|Any CPU
		{A3B13172-488A-4EBD-AFC7-67E4FC59DF65}.Debug|Any CPU.ActiveCfg = Debug|Any CPU
		{A3B13172-488A-4EBD-AFC7-67E4FC59DF65}.Debug|Any CPU.Build.0 = Debug|Any CPU
		{A3B13172-488A-4EBD-AFC7-67E4FC59DF65}.Release|Any CPU.ActiveCfg = Release|Any CPU
		{A3B13172-488A-4EBD-AFC7-67E4FC59DF65}.Release|Any CPU.Build.0 = Release|Any CPU
		{B6EB82BA-2A0E-4855-9A17-F5FAB9616355}.Debug|Any CPU.ActiveCfg = Debug|Any CPU
		{B6EB82BA-2A0E-4855-9A17-F5FAB9616355}.Debug|Any CPU.Build.0 = Debug|Any CPU
		{B6EB82BA-2A0E-4855-9A17-F5FAB9616355}.Release|Any CPU.ActiveCfg = Release|Any CPU
		{B6EB82BA-2A0E-4855-9A17-F5FAB9616355}.Release|Any CPU.Build.0 = Release|Any CPU
		{2B8B9221-628C-4A32-AB3B-61A1B59DCF85}.Debug|Any CPU.ActiveCfg = Debug|Any CPU
		{2B8B9221-628C-4A32-AB3B-61A1B59DCF85}.Debug|Any CPU.Build.0 = Debug|Any CPU
		{2B8B9221-628C-4A32-AB3B-61A1B59DCF85}.Release|Any CPU.ActiveCfg = Release|Any CPU
		{2B8B9221-628C-4A32-AB3B-61A1B59DCF85}.Release|Any CPU.Build.0 = Release|Any CPU
		{A2E7DAAE-8DF9-42AE-A433-8810248A0E26}.Debug|Any CPU.ActiveCfg = Debug|Any CPU
		{A2E7DAAE-8DF9-42AE-A433-8810248A0E26}.Debug|Any CPU.Build.0 = Debug|Any CPU
		{A2E7DAAE-8DF9-42AE-A433-8810248A0E26}.Release|Any CPU.ActiveCfg = Release|Any CPU
		{A2E7DAAE-8DF9-42AE-A433-8810248A0E26}.Release|Any CPU.Build.0 = Release|Any CPU
		{932314DA-0883-4B24-86F9-5888B3214BF5}.Debug|Any CPU.ActiveCfg = Debug|Any CPU
		{932314DA-0883-4B24-86F9-5888B3214BF5}.Debug|Any CPU.Build.0 = Debug|Any CPU
		{932314DA-0883-4B24-86F9-5888B3214BF5}.Release|Any CPU.ActiveCfg = Release|Any CPU
		{932314DA-0883-4B24-86F9-5888B3214BF5}.Release|Any CPU.Build.0 = Release|Any CPU
		{75074E3A-94AF-42CA-B90A-B1F194D7D812}.Debug|Any CPU.ActiveCfg = Debug|Any CPU
		{75074E3A-94AF-42CA-B90A-B1F194D7D812}.Debug|Any CPU.Build.0 = Debug|Any CPU
		{75074E3A-94AF-42CA-B90A-B1F194D7D812}.Release|Any CPU.ActiveCfg = Release|Any CPU
		{75074E3A-94AF-42CA-B90A-B1F194D7D812}.Release|Any CPU.Build.0 = Release|Any CPU
		{1C3ECD88-7B1A-4513-B3E9-3474588BEC8D}.Debug|Any CPU.ActiveCfg = Debug|Any CPU
		{1C3ECD88-7B1A-4513-B3E9-3474588BEC8D}.Debug|Any CPU.Build.0 = Debug|Any CPU
		{1C3ECD88-7B1A-4513-B3E9-3474588BEC8D}.Release|Any CPU.ActiveCfg = Release|Any CPU
		{1C3ECD88-7B1A-4513-B3E9-3474588BEC8D}.Release|Any CPU.Build.0 = Release|Any CPU
		{A4DAD214-A08F-4A0E-8E26-F7FBCDA801FE}.Debug|Any CPU.ActiveCfg = Debug|Any CPU
		{A4DAD214-A08F-4A0E-8E26-F7FBCDA801FE}.Debug|Any CPU.Build.0 = Debug|Any CPU
		{A4DAD214-A08F-4A0E-8E26-F7FBCDA801FE}.Release|Any CPU.ActiveCfg = Release|Any CPU
		{A4DAD214-A08F-4A0E-8E26-F7FBCDA801FE}.Release|Any CPU.Build.0 = Release|Any CPU
		{A10C7E6D-D616-4B99-8BB2-A43035346099}.Debug|Any CPU.ActiveCfg = Debug|Any CPU
		{A10C7E6D-D616-4B99-8BB2-A43035346099}.Debug|Any CPU.Build.0 = Debug|Any CPU
		{A10C7E6D-D616-4B99-8BB2-A43035346099}.Release|Any CPU.ActiveCfg = Release|Any CPU
		{A10C7E6D-D616-4B99-8BB2-A43035346099}.Release|Any CPU.Build.0 = Release|Any CPU
		{14958824-6559-4EDE-9954-42E5A22B2144}.Debug|Any CPU.ActiveCfg = Debug|Any CPU
		{14958824-6559-4EDE-9954-42E5A22B2144}.Debug|Any CPU.Build.0 = Debug|Any CPU
		{14958824-6559-4EDE-9954-42E5A22B2144}.Release|Any CPU.ActiveCfg = Release|Any CPU
		{14958824-6559-4EDE-9954-42E5A22B2144}.Release|Any CPU.Build.0 = Release|Any CPU
		{D6F29365-32E8-4EBA-B202-A1F96013F76F}.Debug|Any CPU.ActiveCfg = Debug|Any CPU
		{D6F29365-32E8-4EBA-B202-A1F96013F76F}.Debug|Any CPU.Build.0 = Debug|Any CPU
		{D6F29365-32E8-4EBA-B202-A1F96013F76F}.Release|Any CPU.ActiveCfg = Release|Any CPU
		{D6F29365-32E8-4EBA-B202-A1F96013F76F}.Release|Any CPU.Build.0 = Release|Any CPU
		{9270FB5C-129F-447C-A4EA-A7E24F2B9D4C}.Debug|Any CPU.ActiveCfg = Debug|Any CPU
		{9270FB5C-129F-447C-A4EA-A7E24F2B9D4C}.Debug|Any CPU.Build.0 = Debug|Any CPU
		{9270FB5C-129F-447C-A4EA-A7E24F2B9D4C}.Release|Any CPU.ActiveCfg = Release|Any CPU
		{9270FB5C-129F-447C-A4EA-A7E24F2B9D4C}.Release|Any CPU.Build.0 = Release|Any CPU
		{7E9D21F9-B748-479E-83A2-E8665C1A37E6}.Debug|Any CPU.ActiveCfg = Debug|Any CPU
		{7E9D21F9-B748-479E-83A2-E8665C1A37E6}.Debug|Any CPU.Build.0 = Debug|Any CPU
		{7E9D21F9-B748-479E-83A2-E8665C1A37E6}.Release|Any CPU.ActiveCfg = Release|Any CPU
		{7E9D21F9-B748-479E-83A2-E8665C1A37E6}.Release|Any CPU.Build.0 = Release|Any CPU
		{CDB110BA-CE3B-49A7-9A22-705A75DB11D6}.Debug|Any CPU.ActiveCfg = Debug|Any CPU
		{CDB110BA-CE3B-49A7-9A22-705A75DB11D6}.Debug|Any CPU.Build.0 = Debug|Any CPU
		{CDB110BA-CE3B-49A7-9A22-705A75DB11D6}.Release|Any CPU.ActiveCfg = Release|Any CPU
		{CDB110BA-CE3B-49A7-9A22-705A75DB11D6}.Release|Any CPU.Build.0 = Release|Any CPU
		{406164E6-E234-4B8A-AECF-18BB15DAA876}.Debug|Any CPU.ActiveCfg = Debug|Any CPU
		{406164E6-E234-4B8A-AECF-18BB15DAA876}.Debug|Any CPU.Build.0 = Debug|Any CPU
		{406164E6-E234-4B8A-AECF-18BB15DAA876}.Release|Any CPU.ActiveCfg = Release|Any CPU
		{406164E6-E234-4B8A-AECF-18BB15DAA876}.Release|Any CPU.Build.0 = Release|Any CPU
		{4757AF83-9C03-4CEC-AEEC-A7C0AB08BA1A}.Debug|Any CPU.ActiveCfg = Debug|Any CPU
		{4757AF83-9C03-4CEC-AEEC-A7C0AB08BA1A}.Debug|Any CPU.Build.0 = Debug|Any CPU
		{4757AF83-9C03-4CEC-AEEC-A7C0AB08BA1A}.Release|Any CPU.ActiveCfg = Release|Any CPU
		{4757AF83-9C03-4CEC-AEEC-A7C0AB08BA1A}.Release|Any CPU.Build.0 = Release|Any CPU
		{7752B8F1-8020-4E20-B5E7-EEED28209047}.Debug|Any CPU.ActiveCfg = Debug|Any CPU
		{7752B8F1-8020-4E20-B5E7-EEED28209047}.Debug|Any CPU.Build.0 = Debug|Any CPU
		{7752B8F1-8020-4E20-B5E7-EEED28209047}.Release|Any CPU.ActiveCfg = Release|Any CPU
		{7752B8F1-8020-4E20-B5E7-EEED28209047}.Release|Any CPU.Build.0 = Release|Any CPU
		{6F4F5769-673C-436C-9F84-0CAFAF21AA30}.Debug|Any CPU.ActiveCfg = Debug|Any CPU
		{6F4F5769-673C-436C-9F84-0CAFAF21AA30}.Debug|Any CPU.Build.0 = Debug|Any CPU
		{6F4F5769-673C-436C-9F84-0CAFAF21AA30}.Release|Any CPU.ActiveCfg = Release|Any CPU
		{6F4F5769-673C-436C-9F84-0CAFAF21AA30}.Release|Any CPU.Build.0 = Release|Any CPU
		{A1CBB589-FECD-47C2-A9A8-084B3FF943DA}.Debug|Any CPU.ActiveCfg = Debug|Any CPU
		{A1CBB589-FECD-47C2-A9A8-084B3FF943DA}.Debug|Any CPU.Build.0 = Debug|Any CPU
		{A1CBB589-FECD-47C2-A9A8-084B3FF943DA}.Release|Any CPU.ActiveCfg = Release|Any CPU
		{A1CBB589-FECD-47C2-A9A8-084B3FF943DA}.Release|Any CPU.Build.0 = Release|Any CPU
		{8082A9E1-E32D-4650-A551-B43E7D1B2C1D}.Debug|Any CPU.ActiveCfg = Debug|Any CPU
		{8082A9E1-E32D-4650-A551-B43E7D1B2C1D}.Debug|Any CPU.Build.0 = Debug|Any CPU
		{8082A9E1-E32D-4650-A551-B43E7D1B2C1D}.Release|Any CPU.ActiveCfg = Release|Any CPU
		{8082A9E1-E32D-4650-A551-B43E7D1B2C1D}.Release|Any CPU.Build.0 = Release|Any CPU
		{F99FFE25-B2D3-4FD3-A25B-BBC554CD815A}.Debug|Any CPU.ActiveCfg = Debug|Any CPU
		{F99FFE25-B2D3-4FD3-A25B-BBC554CD815A}.Debug|Any CPU.Build.0 = Debug|Any CPU
		{F99FFE25-B2D3-4FD3-A25B-BBC554CD815A}.Release|Any CPU.ActiveCfg = Release|Any CPU
		{F99FFE25-B2D3-4FD3-A25B-BBC554CD815A}.Release|Any CPU.Build.0 = Release|Any CPU
		{4DA2D198-B14D-43CA-8153-7508A638C3D5}.Debug|Any CPU.ActiveCfg = Debug|Any CPU
		{4DA2D198-B14D-43CA-8153-7508A638C3D5}.Debug|Any CPU.Build.0 = Debug|Any CPU
		{4DA2D198-B14D-43CA-8153-7508A638C3D5}.Release|Any CPU.ActiveCfg = Release|Any CPU
		{4DA2D198-B14D-43CA-8153-7508A638C3D5}.Release|Any CPU.Build.0 = Release|Any CPU
		{1DA1F99A-7034-416C-9A9D-81C5213BF908}.Debug|Any CPU.ActiveCfg = Debug|Any CPU
		{1DA1F99A-7034-416C-9A9D-81C5213BF908}.Debug|Any CPU.Build.0 = Debug|Any CPU
		{1DA1F99A-7034-416C-9A9D-81C5213BF908}.Release|Any CPU.ActiveCfg = Release|Any CPU
		{1DA1F99A-7034-416C-9A9D-81C5213BF908}.Release|Any CPU.Build.0 = Release|Any CPU
	EndGlobalSection
	GlobalSection(SolutionProperties) = preSolution
		HideSolutionNode = FALSE
	EndGlobalSection
EndGlobal
